// !$*UTF8*$!
{
	archiveVersion = 1;
	classes = {
	};
	objectVersion = 50;
	objects = {

/* Begin PBXBuildFile section */
		33734E25248C47BC00B1D9AD /* GameLogic.swift in Sources */ = {isa = PBXBuildFile; fileRef = 33734E21248C47BC00B1D9AD /* GameLogic.swift */; };
		33734E26248C47BC00B1D9AD /* BullsEyeGameLogic.swift in Sources */ = {isa = PBXBuildFile; fileRef = 33734E22248C47BC00B1D9AD /* BullsEyeGameLogic.swift */; };
		33734E27248C47BC00B1D9AD /* RGBullsEyeGameLogic.swift in Sources */ = {isa = PBXBuildFile; fileRef = 33734E23248C47BC00B1D9AD /* RGBullsEyeGameLogic.swift */; };
		33734E28248C47BC00B1D9AD /* GameModel.swift in Sources */ = {isa = PBXBuildFile; fileRef = 33734E24248C47BC00B1D9AD /* GameModel.swift */; };
		33734E2A248C47F300B1D9AD /* UIView+Extension.swift in Sources */ = {isa = PBXBuildFile; fileRef = 33734E29248C47F300B1D9AD /* UIView+Extension.swift */; };
		33D96526248B03DA00E12696 /* AppDelegate.swift in Sources */ = {isa = PBXBuildFile; fileRef = 33D96525248B03DA00E12696 /* AppDelegate.swift */; };
		33D96528248B03DA00E12696 /* SceneDelegate.swift in Sources */ = {isa = PBXBuildFile; fileRef = 33D96527248B03DA00E12696 /* SceneDelegate.swift */; };
		33D9652A248B03DA00E12696 /* MenuViewController.swift in Sources */ = {isa = PBXBuildFile; fileRef = 33D96529248B03DA00E12696 /* MenuViewController.swift */; };
		33D9652D248B03DA00E12696 /* Main.storyboard in Resources */ = {isa = PBXBuildFile; fileRef = 33D9652B248B03DA00E12696 /* Main.storyboard */; };
		33D9652F248B03DD00E12696 /* Assets.xcassets in Resources */ = {isa = PBXBuildFile; fileRef = 33D9652E248B03DD00E12696 /* Assets.xcassets */; };
		33D96532248B03DD00E12696 /* LaunchScreen.storyboard in Resources */ = {isa = PBXBuildFile; fileRef = 33D96530248B03DD00E12696 /* LaunchScreen.storyboard */; };
		33D96543248B052B00E12696 /* RGB.swift in Sources */ = {isa = PBXBuildFile; fileRef = 33D96542248B052B00E12696 /* RGB.swift */; };
		33D96545248B222A00E12696 /* BullsEyeViewController.swift in Sources */ = {isa = PBXBuildFile; fileRef = 33D96544248B222A00E12696 /* BullsEyeViewController.swift */; };
		33D9654D248B31EA00E12696 /* Int+Extension.swift in Sources */ = {isa = PBXBuildFile; fileRef = 33D9654C248B31EA00E12696 /* Int+Extension.swift */; };
		33D96551248B4D2E00E12696 /* RGBullsEyeViewController.swift in Sources */ = {isa = PBXBuildFile; fileRef = 33D96550248B4D2E00E12696 /* RGBullsEyeViewController.swift */; };
/* End PBXBuildFile section */

/* Begin PBXFileReference section */
		33734E21248C47BC00B1D9AD /* GameLogic.swift */ = {isa = PBXFileReference; fileEncoding = 4; lastKnownFileType = sourcecode.swift; path = GameLogic.swift; sourceTree = "<group>"; };
		33734E22248C47BC00B1D9AD /* BullsEyeGameLogic.swift */ = {isa = PBXFileReference; fileEncoding = 4; lastKnownFileType = sourcecode.swift; path = BullsEyeGameLogic.swift; sourceTree = "<group>"; };
		33734E23248C47BC00B1D9AD /* RGBullsEyeGameLogic.swift */ = {isa = PBXFileReference; fileEncoding = 4; lastKnownFileType = sourcecode.swift; path = RGBullsEyeGameLogic.swift; sourceTree = "<group>"; };
		33734E24248C47BC00B1D9AD /* GameModel.swift */ = {isa = PBXFileReference; fileEncoding = 4; lastKnownFileType = sourcecode.swift; path = GameModel.swift; sourceTree = "<group>"; };
		33734E29248C47F300B1D9AD /* UIView+Extension.swift */ = {isa = PBXFileReference; fileEncoding = 4; lastKnownFileType = sourcecode.swift; path = "UIView+Extension.swift"; sourceTree = "<group>"; };
		33D96522248B03DA00E12696 /* GameBullsEye.app */ = {isa = PBXFileReference; explicitFileType = wrapper.application; includeInIndex = 0; path = GameBullsEye.app; sourceTree = BUILT_PRODUCTS_DIR; };
		33D96525248B03DA00E12696 /* AppDelegate.swift */ = {isa = PBXFileReference; lastKnownFileType = sourcecode.swift; path = AppDelegate.swift; sourceTree = "<group>"; };
		33D96527248B03DA00E12696 /* SceneDelegate.swift */ = {isa = PBXFileReference; lastKnownFileType = sourcecode.swift; path = SceneDelegate.swift; sourceTree = "<group>"; };
		33D96529248B03DA00E12696 /* MenuViewController.swift */ = {isa = PBXFileReference; lastKnownFileType = sourcecode.swift; path = MenuViewController.swift; sourceTree = "<group>"; };
		33D9652C248B03DA00E12696 /* Base */ = {isa = PBXFileReference; lastKnownFileType = file.storyboard; name = Base; path = Base.lproj/Main.storyboard; sourceTree = "<group>"; };
		33D9652E248B03DD00E12696 /* Assets.xcassets */ = {isa = PBXFileReference; lastKnownFileType = folder.assetcatalog; path = Assets.xcassets; sourceTree = "<group>"; };
		33D96531248B03DD00E12696 /* Base */ = {isa = PBXFileReference; lastKnownFileType = file.storyboard; name = Base; path = Base.lproj/LaunchScreen.storyboard; sourceTree = "<group>"; };
		33D96533248B03DD00E12696 /* Info.plist */ = {isa = PBXFileReference; lastKnownFileType = text.plist.xml; path = Info.plist; sourceTree = "<group>"; };
		33D96542248B052B00E12696 /* RGB.swift */ = {isa = PBXFileReference; fileEncoding = 4; lastKnownFileType = sourcecode.swift; path = RGB.swift; sourceTree = "<group>"; };
		33D96544248B222A00E12696 /* BullsEyeViewController.swift */ = {isa = PBXFileReference; lastKnownFileType = sourcecode.swift; path = BullsEyeViewController.swift; sourceTree = "<group>"; };
		33D9654C248B31EA00E12696 /* Int+Extension.swift */ = {isa = PBXFileReference; lastKnownFileType = sourcecode.swift; path = "Int+Extension.swift"; sourceTree = "<group>"; };
		33D96550248B4D2E00E12696 /* RGBullsEyeViewController.swift */ = {isa = PBXFileReference; lastKnownFileType = sourcecode.swift; path = RGBullsEyeViewController.swift; sourceTree = "<group>"; };
/* End PBXFileReference section */

/* Begin PBXFrameworksBuildPhase section */
		33D9651F248B03DA00E12696 /* Frameworks */ = {
			isa = PBXFrameworksBuildPhase;
			buildActionMask = 2147483647;
			files = (
			);
			runOnlyForDeploymentPostprocessing = 0;
		};
/* End PBXFrameworksBuildPhase section */

/* Begin PBXGroup section */
		33D96519248B03DA00E12696 = {
			isa = PBXGroup;
			children = (
				33D96524248B03DA00E12696 /* GameBullsEye */,
				33D96523248B03DA00E12696 /* Products */,
			);
			sourceTree = "<group>";
		};
		33D96523248B03DA00E12696 /* Products */ = {
			isa = PBXGroup;
			children = (
				33D96522248B03DA00E12696 /* GameBullsEye.app */,
			);
			name = Products;
			sourceTree = "<group>";
		};
		33D96524248B03DA00E12696 /* GameBullsEye */ = {
			isa = PBXGroup;
			children = (
				33D96539248B041C00E12696 /* AppDelegate */,
				33D9653A248B043100E12696 /* Helper */,
				33D96541248B04DF00E12696 /* Extensions */,
				33D9653B248B044500E12696 /* Model */,
				33D9653C248B044A00E12696 /* Controller */,
				33D9653E248B046500E12696 /* Resources */,
				33D9653D248B045800E12696 /* Storyboard */,
				33D96533248B03DD00E12696 /* Info.plist */,
			);
			path = GameBullsEye;
			sourceTree = "<group>";
		};
		33D96539248B041C00E12696 /* AppDelegate */ = {
			isa = PBXGroup;
			children = (
				33D96525248B03DA00E12696 /* AppDelegate.swift */,
				33D96527248B03DA00E12696 /* SceneDelegate.swift */,
			);
			path = AppDelegate;
			sourceTree = "<group>";
		};
		33D9653A248B043100E12696 /* Helper */ = {
			isa = PBXGroup;
			children = (
			);
			path = Helper;
			sourceTree = "<group>";
		};
		33D9653B248B044500E12696 /* Model */ = {
			isa = PBXGroup;
			children = (
				33734E24248C47BC00B1D9AD /* GameModel.swift */,
				33734E21248C47BC00B1D9AD /* GameLogic.swift */,
				33734E22248C47BC00B1D9AD /* BullsEyeGameLogic.swift */,
				33734E23248C47BC00B1D9AD /* RGBullsEyeGameLogic.swift */,
			);
			path = Model;
			sourceTree = "<group>";
		};
		33D9653C248B044A00E12696 /* Controller */ = {
			isa = PBXGroup;
			children = (
				33D96529248B03DA00E12696 /* MenuViewController.swift */,
				33D96544248B222A00E12696 /* BullsEyeViewController.swift */,
				33D96550248B4D2E00E12696 /* RGBullsEyeViewController.swift */,
			);
			path = Controller;
			sourceTree = "<group>";
		};
		33D9653D248B045800E12696 /* Storyboard */ = {
			isa = PBXGroup;
			children = (
				33D9652B248B03DA00E12696 /* Main.storyboard */,
				33D96530248B03DD00E12696 /* LaunchScreen.storyboard */,
			);
			path = Storyboard;
			sourceTree = "<group>";
		};
		33D9653E248B046500E12696 /* Resources */ = {
			isa = PBXGroup;
			children = (
				33D9652E248B03DD00E12696 /* Assets.xcassets */,
			);
			path = Resources;
			sourceTree = "<group>";
		};
		33D96541248B04DF00E12696 /* Extensions */ = {
			isa = PBXGroup;
			children = (
				33734E29248C47F300B1D9AD /* UIView+Extension.swift */,
				33D96542248B052B00E12696 /* RGB.swift */,
				33D9654C248B31EA00E12696 /* Int+Extension.swift */,
			);
			path = Extensions;
			sourceTree = "<group>";
		};
/* End PBXGroup section */

/* Begin PBXNativeTarget section */
		33D96521248B03DA00E12696 /* GameBullsEye */ = {
			isa = PBXNativeTarget;
			buildConfigurationList = 33D96536248B03DD00E12696 /* Build configuration list for PBXNativeTarget "GameBullsEye" */;
			buildPhases = (
				33D9651E248B03DA00E12696 /* Sources */,
				33D9651F248B03DA00E12696 /* Frameworks */,
				33D96520248B03DA00E12696 /* Resources */,
			);
			buildRules = (
			);
			dependencies = (
			);
			name = GameBullsEye;
			productName = GameBullsEye;
			productReference = 33D96522248B03DA00E12696 /* GameBullsEye.app */;
			productType = "com.apple.product-type.application";
		};
/* End PBXNativeTarget section */

/* Begin PBXProject section */
		33D9651A248B03DA00E12696 /* Project object */ = {
			isa = PBXProject;
			attributes = {
				LastSwiftUpdateCheck = 1150;
				LastUpgradeCheck = 1150;
				ORGANIZATIONNAME = "Shruti Sharma";
				TargetAttributes = {
					33D96521248B03DA00E12696 = {
						CreatedOnToolsVersion = 11.5;
					};
				};
			};
			buildConfigurationList = 33D9651D248B03DA00E12696 /* Build configuration list for PBXProject "GameBullsEye" */;
			compatibilityVersion = "Xcode 9.3";
			developmentRegion = en;
			hasScannedForEncodings = 0;
			knownRegions = (
				en,
				Base,
			);
			mainGroup = 33D96519248B03DA00E12696;
			productRefGroup = 33D96523248B03DA00E12696 /* Products */;
			projectDirPath = "";
			projectRoot = "";
			targets = (
				33D96521248B03DA00E12696 /* GameBullsEye */,
			);
		};
/* End PBXProject section */

/* Begin PBXResourcesBuildPhase section */
		33D96520248B03DA00E12696 /* Resources */ = {
			isa = PBXResourcesBuildPhase;
			buildActionMask = 2147483647;
			files = (
				33D96532248B03DD00E12696 /* LaunchScreen.storyboard in Resources */,
				33D9652F248B03DD00E12696 /* Assets.xcassets in Resources */,
				33D9652D248B03DA00E12696 /* Main.storyboard in Resources */,
			);
			runOnlyForDeploymentPostprocessing = 0;
		};
/* End PBXResourcesBuildPhase section */

/* Begin PBXSourcesBuildPhase section */
		33D9651E248B03DA00E12696 /* Sources */ = {
			isa = PBXSourcesBuildPhase;
			buildActionMask = 2147483647;
			files = (
				33D96543248B052B00E12696 /* RGB.swift in Sources */,
				33D9652A248B03DA00E12696 /* MenuViewController.swift in Sources */,
				33734E27248C47BC00B1D9AD /* RGBullsEyeGameLogic.swift in Sources */,
				33734E25248C47BC00B1D9AD /* GameLogic.swift in Sources */,
				33D9654D248B31EA00E12696 /* Int+Extension.swift in Sources */,
				33734E26248C47BC00B1D9AD /* BullsEyeGameLogic.swift in Sources */,
				33734E2A248C47F300B1D9AD /* UIView+Extension.swift in Sources */,
				33D96526248B03DA00E12696 /* AppDelegate.swift in Sources */,
				33D96551248B4D2E00E12696 /* RGBullsEyeViewController.swift in Sources */,
				33D96528248B03DA00E12696 /* SceneDelegate.swift in Sources */,
				33D96545248B222A00E12696 /* BullsEyeViewController.swift in Sources */,
				33734E28248C47BC00B1D9AD /* GameModel.swift in Sources */,
			);
			runOnlyForDeploymentPostprocessing = 0;
		};
/* End PBXSourcesBuildPhase section */

/* Begin PBXVariantGroup section */
		33D9652B248B03DA00E12696 /* Main.storyboard */ = {
			isa = PBXVariantGroup;
			children = (
				33D9652C248B03DA00E12696 /* Base */,
			);
			name = Main.storyboard;
			sourceTree = "<group>";
		};
		33D96530248B03DD00E12696 /* LaunchScreen.storyboard */ = {
			isa = PBXVariantGroup;
			children = (
				33D96531248B03DD00E12696 /* Base */,
			);
			name = LaunchScreen.storyboard;
			sourceTree = "<group>";
		};
/* End PBXVariantGroup section */

/* Begin XCBuildConfiguration section */
		33D96534248B03DD00E12696 /* Debug */ = {
			isa = XCBuildConfiguration;
			buildSettings = {
				ALWAYS_SEARCH_USER_PATHS = NO;
				CLANG_ANALYZER_NONNULL = YES;
				CLANG_ANALYZER_NUMBER_OBJECT_CONVERSION = YES_AGGRESSIVE;
				CLANG_CXX_LANGUAGE_STANDARD = "gnu++14";
				CLANG_CXX_LIBRARY = "libc++";
				CLANG_ENABLE_MODULES = YES;
				CLANG_ENABLE_OBJC_ARC = YES;
				CLANG_ENABLE_OBJC_WEAK = YES;
				CLANG_WARN_BLOCK_CAPTURE_AUTORELEASING = YES;
				CLANG_WARN_BOOL_CONVERSION = YES;
				CLANG_WARN_COMMA = YES;
				CLANG_WARN_CONSTANT_CONVERSION = YES;
				CLANG_WARN_DEPRECATED_OBJC_IMPLEMENTATIONS = YES;
				CLANG_WARN_DIRECT_OBJC_ISA_USAGE = YES_ERROR;
				CLANG_WARN_DOCUMENTATION_COMMENTS = YES;
				CLANG_WARN_EMPTY_BODY = YES;
				CLANG_WARN_ENUM_CONVERSION = YES;
				CLANG_WARN_INFINITE_RECURSION = YES;
				CLANG_WARN_INT_CONVERSION = YES;
				CLANG_WARN_NON_LITERAL_NULL_CONVERSION = YES;
				CLANG_WARN_OBJC_IMPLICIT_RETAIN_SELF = YES;
				CLANG_WARN_OBJC_LITERAL_CONVERSION = YES;
				CLANG_WARN_OBJC_ROOT_CLASS = YES_ERROR;
				CLANG_WARN_RANGE_LOOP_ANALYSIS = YES;
				CLANG_WARN_STRICT_PROTOTYPES = YES;
				CLANG_WARN_SUSPICIOUS_MOVE = YES;
				CLANG_WARN_UNGUARDED_AVAILABILITY = YES_AGGRESSIVE;
				CLANG_WARN_UNREACHABLE_CODE = YES;
				CLANG_WARN__DUPLICATE_METHOD_MATCH = YES;
				COPY_PHASE_STRIP = NO;
				DEBUG_INFORMATION_FORMAT = dwarf;
				ENABLE_STRICT_OBJC_MSGSEND = YES;
				ENABLE_TESTABILITY = YES;
				GCC_C_LANGUAGE_STANDARD = gnu11;
				GCC_DYNAMIC_NO_PIC = NO;
				GCC_NO_COMMON_BLOCKS = YES;
				GCC_OPTIMIZATION_LEVEL = 0;
				GCC_PREPROCESSOR_DEFINITIONS = (
					"DEBUG=1",
					"$(inherited)",
				);
				GCC_WARN_64_TO_32_BIT_CONVERSION = YES;
				GCC_WARN_ABOUT_RETURN_TYPE = YES_ERROR;
				GCC_WARN_UNDECLARED_SELECTOR = YES;
				GCC_WARN_UNINITIALIZED_AUTOS = YES_AGGRESSIVE;
				GCC_WARN_UNUSED_FUNCTION = YES;
				GCC_WARN_UNUSED_VARIABLE = YES;
				IPHONEOS_DEPLOYMENT_TARGET = 13.5;
				MTL_ENABLE_DEBUG_INFO = INCLUDE_SOURCE;
				MTL_FAST_MATH = YES;
				ONLY_ACTIVE_ARCH = YES;
				SDKROOT = iphoneos;
				SWIFT_ACTIVE_COMPILATION_CONDITIONS = DEBUG;
				SWIFT_OPTIMIZATION_LEVEL = "-Onone";
			};
			name = Debug;
		};
		33D96535248B03DD00E12696 /* Release */ = {
			isa = XCBuildConfiguration;
			buildSettings = {
				ALWAYS_SEARCH_USER_PATHS = NO;
				CLANG_ANALYZER_NONNULL = YES;
				CLANG_ANALYZER_NUMBER_OBJECT_CONVERSION = YES_AGGRESSIVE;
				CLANG_CXX_LANGUAGE_STANDARD = "gnu++14";
				CLANG_CXX_LIBRARY = "libc++";
				CLANG_ENABLE_MODULES = YES;
				CLANG_ENABLE_OBJC_ARC = YES;
				CLANG_ENABLE_OBJC_WEAK = YES;
				CLANG_WARN_BLOCK_CAPTURE_AUTORELEASING = YES;
				CLANG_WARN_BOOL_CONVERSION = YES;
				CLANG_WARN_COMMA = YES;
				CLANG_WARN_CONSTANT_CONVERSION = YES;
				CLANG_WARN_DEPRECATED_OBJC_IMPLEMENTATIONS = YES;
				CLANG_WARN_DIRECT_OBJC_ISA_USAGE = YES_ERROR;
				CLANG_WARN_DOCUMENTATION_COMMENTS = YES;
				CLANG_WARN_EMPTY_BODY = YES;
				CLANG_WARN_ENUM_CONVERSION = YES;
				CLANG_WARN_INFINITE_RECURSION = YES;
				CLANG_WARN_INT_CONVERSION = YES;
				CLANG_WARN_NON_LITERAL_NULL_CONVERSION = YES;
				CLANG_WARN_OBJC_IMPLICIT_RETAIN_SELF = YES;
				CLANG_WARN_OBJC_LITERAL_CONVERSION = YES;
				CLANG_WARN_OBJC_ROOT_CLASS = YES_ERROR;
				CLANG_WARN_RANGE_LOOP_ANALYSIS = YES;
				CLANG_WARN_STRICT_PROTOTYPES = YES;
				CLANG_WARN_SUSPICIOUS_MOVE = YES;
				CLANG_WARN_UNGUARDED_AVAILABILITY = YES_AGGRESSIVE;
				CLANG_WARN_UNREACHABLE_CODE = YES;
				CLANG_WARN__DUPLICATE_METHOD_MATCH = YES;
				COPY_PHASE_STRIP = NO;
				DEBUG_INFORMATION_FORMAT = "dwarf-with-dsym";
				ENABLE_NS_ASSERTIONS = NO;
				ENABLE_STRICT_OBJC_MSGSEND = YES;
				GCC_C_LANGUAGE_STANDARD = gnu11;
				GCC_NO_COMMON_BLOCKS = YES;
				GCC_WARN_64_TO_32_BIT_CONVERSION = YES;
				GCC_WARN_ABOUT_RETURN_TYPE = YES_ERROR;
				GCC_WARN_UNDECLARED_SELECTOR = YES;
				GCC_WARN_UNINITIALIZED_AUTOS = YES_AGGRESSIVE;
				GCC_WARN_UNUSED_FUNCTION = YES;
				GCC_WARN_UNUSED_VARIABLE = YES;
				IPHONEOS_DEPLOYMENT_TARGET = 13.5;
				MTL_ENABLE_DEBUG_INFO = NO;
				MTL_FAST_MATH = YES;
				SDKROOT = iphoneos;
				SWIFT_COMPILATION_MODE = wholemodule;
				SWIFT_OPTIMIZATION_LEVEL = "-O";
				VALIDATE_PRODUCT = YES;
			};
			name = Release;
		};
		33D96537248B03DD00E12696 /* Debug */ = {
			isa = XCBuildConfiguration;
			buildSettings = {
				ASSETCATALOG_COMPILER_APPICON_NAME = AppIcon;
				CODE_SIGN_STYLE = Automatic;
				DEVELOPMENT_TEAM = PSFNNZ46DN;
				INFOPLIST_FILE = GameBullsEye/Info.plist;
				LD_RUNPATH_SEARCH_PATHS = (
					"$(inherited)",
					"@executable_path/Frameworks",
				);
				PRODUCT_BUNDLE_IDENTIFIER = com.shrutiapps.GameBullsEye;
				PRODUCT_NAME = "$(TARGET_NAME)";
				SWIFT_VERSION = 5.0;
				TARGETED_DEVICE_FAMILY = 1;
			};
			name = Debug;
		};
		33D96538248B03DD00E12696 /* Release */ = {
			isa = XCBuildConfiguration;
			buildSettings = {
				ASSETCATALOG_COMPILER_APPICON_NAME = AppIcon;
				CODE_SIGN_STYLE = Automatic;
				DEVELOPMENT_TEAM = PSFNNZ46DN;
				INFOPLIST_FILE = GameBullsEye/Info.plist;
				LD_RUNPATH_SEARCH_PATHS = (
					"$(inherited)",
					"@executable_path/Frameworks",
				);
				PRODUCT_BUNDLE_IDENTIFIER = com.shrutiapps.GameBullsEye;
				PRODUCT_NAME = "$(TARGET_NAME)";
				SWIFT_VERSION = 5.0;
				TARGETED_DEVICE_FAMILY = 1;
			};
			name = Release;
		};
/* End XCBuildConfiguration section */

/* Begin XCConfigurationList section */
		33D9651D248B03DA00E12696 /* Build configuration list for PBXProject "GameBullsEye" */ = {
			isa = XCConfigurationList;
			buildConfigurations = (
				33D96534248B03DD00E12696 /* Debug */,
				33D96535248B03DD00E12696 /* Release */,
			);
			defaultConfigurationIsVisible = 0;
			defaultConfigurationName = Release;
		};
		33D96536248B03DD00E12696 /* Build configuration list for PBXNativeTarget "GameBullsEye" */ = {
			isa = XCConfigurationList;
			buildConfigurations = (
				33D96537248B03DD00E12696 /* Debug */,
				33D96538248B03DD00E12696 /* Release */,
			);
			defaultConfigurationIsVisible = 0;
			defaultConfigurationName = Release;
		};
/* End XCConfigurationList section */
	};
	rootObject = 33D9651A248B03DA00E12696 /* Project object */;
}
