// !$*UTF8*$!
{
	archiveVersion = 1;
	classes = {
	};
	objectVersion = 50;
	objects = {

/* Begin PBXBuildFile section */
		185CB20523C78CE8009F7571 /* Assets.xcassets in Resources */ = {isa = PBXBuildFile; fileRef = 185CB20423C78CE8009F7571 /* Assets.xcassets */; };
		334D247D24AE623C000CDB72 /* LaunchScreen.storyboard in Resources */ = {isa = PBXBuildFile; fileRef = 334D247924AE623C000CDB72 /* LaunchScreen.storyboard */; };
		334D247E24AE623C000CDB72 /* Main.storyboard in Resources */ = {isa = PBXBuildFile; fileRef = 334D247B24AE623C000CDB72 /* Main.storyboard */; };
		334D248124AE625C000CDB72 /* SceneDelegate.swift in Sources */ = {isa = PBXBuildFile; fileRef = 334D247F24AE625C000CDB72 /* SceneDelegate.swift */; };
		334D248224AE625C000CDB72 /* AppDelegate.swift in Sources */ = {isa = PBXBuildFile; fileRef = 334D248024AE625C000CDB72 /* AppDelegate.swift */; };
		334D248424AE6267000CDB72 /* Pokemon.swift in Sources */ = {isa = PBXBuildFile; fileRef = 334D248324AE6267000CDB72 /* Pokemon.swift */; };
		334D248824AE6336000CDB72 /* PokedexCompactViewController.swift in Sources */ = {isa = PBXBuildFile; fileRef = 334D248724AE6336000CDB72 /* PokedexCompactViewController.swift */; };
		334D248A24AE6361000CDB72 /* PokedexLargeViewController.swift in Sources */ = {isa = PBXBuildFile; fileRef = 334D248924AE6361000CDB72 /* PokedexLargeViewController.swift */; };
		334D249324AE6C0A000CDB72 /* PokemonCollectionViewCell.swift in Sources */ = {isa = PBXBuildFile; fileRef = 334D249124AE6C0A000CDB72 /* PokemonCollectionViewCell.swift */; };
		334D249424AE6C0A000CDB72 /* PokemonCollectionViewCell.xib in Resources */ = {isa = PBXBuildFile; fileRef = 334D249224AE6C0A000CDB72 /* PokemonCollectionViewCell.xib */; };
		334D249724AE7155000CDB72 /* UIView+Extension.swift in Sources */ = {isa = PBXBuildFile; fileRef = 334D249624AE7155000CDB72 /* UIView+Extension.swift */; };
		334D249B24AE7383000CDB72 /* CollectionViewDataSource.swift in Sources */ = {isa = PBXBuildFile; fileRef = 334D249A24AE7383000CDB72 /* CollectionViewDataSource.swift */; };
		334D249D24AE7390000CDB72 /* CollectionViewLayoutModel.swift in Sources */ = {isa = PBXBuildFile; fileRef = 334D249C24AE7390000CDB72 /* CollectionViewLayoutModel.swift */; };
		334D249F24AE8264000CDB72 /* Extensions.swift in Sources */ = {isa = PBXBuildFile; fileRef = 334D249E24AE8264000CDB72 /* Extensions.swift */; };
		334D24A224AE89C8000CDB72 /* PokemonLargeCollectionViewCell.swift in Sources */ = {isa = PBXBuildFile; fileRef = 334D24A024AE89C8000CDB72 /* PokemonLargeCollectionViewCell.swift */; };
		334D24A324AE89C8000CDB72 /* PokemonLargeCollectionViewCell.xib in Resources */ = {isa = PBXBuildFile; fileRef = 334D24A124AE89C8000CDB72 /* PokemonLargeCollectionViewCell.xib */; };
		33EE5A0324AFE90E00CC2AE6 /* OldSchoolCollectionViewDataSource.swift in Sources */ = {isa = PBXBuildFile; fileRef = 33EE5A0224AFE90E00CC2AE6 /* OldSchoolCollectionViewDataSource.swift */; };
		33EE5A0524AFE9BC00CC2AE6 /* OldSchoolCollectionViewDelegate.swift in Sources */ = {isa = PBXBuildFile; fileRef = 33EE5A0424AFE9BC00CC2AE6 /* OldSchoolCollectionViewDelegate.swift */; };
		33EE5A0724AFF3D300CC2AE6 /* CustomCollectionView.swift in Sources */ = {isa = PBXBuildFile; fileRef = 33EE5A0624AFF3D300CC2AE6 /* CustomCollectionView.swift */; };
		A11D349A24AABED7002BDD2B /* Pokemon Solid.ttf in Resources */ = {isa = PBXBuildFile; fileRef = A11D349824AABED7002BDD2B /* Pokemon Solid.ttf */; };
		A11D349B24AABED7002BDD2B /* Pokemon Hollow.ttf in Resources */ = {isa = PBXBuildFile; fileRef = A11D349924AABED7002BDD2B /* Pokemon Hollow.ttf */; };
		A125200A24AAAB71008F7E2E /* pokemon.csv in Resources */ = {isa = PBXBuildFile; fileRef = A125200824AAAB71008F7E2E /* pokemon.csv */; };
		A125200B24AAAB71008F7E2E /* csv.swift in Sources */ = {isa = PBXBuildFile; fileRef = A125200924AAAB71008F7E2E /* csv.swift */; };
		A125200D24AAABA0008F7E2E /* PokemonGenerator.swift in Sources */ = {isa = PBXBuildFile; fileRef = A125200C24AAABA0008F7E2E /* PokemonGenerator.swift */; };
/* End PBXBuildFile section */

/* Begin PBXFileReference section */
		185CB1F823C78CE6009F7571 /* Pokedex.app */ = {isa = PBXFileReference; explicitFileType = wrapper.application; includeInIndex = 0; path = Pokedex.app; sourceTree = BUILT_PRODUCTS_DIR; };
		185CB20423C78CE8009F7571 /* Assets.xcassets */ = {isa = PBXFileReference; lastKnownFileType = folder.assetcatalog; path = Assets.xcassets; sourceTree = "<group>"; };
		185CB20923C78CE8009F7571 /* Info.plist */ = {isa = PBXFileReference; lastKnownFileType = text.plist.xml; name = Info.plist; path = Pokedex/Info.plist; sourceTree = "<group>"; };
		334D247A24AE623C000CDB72 /* Base */ = {isa = PBXFileReference; lastKnownFileType = file.storyboard; name = Base; path = Base.lproj/LaunchScreen.storyboard; sourceTree = "<group>"; };
		334D247C24AE623C000CDB72 /* Base */ = {isa = PBXFileReference; lastKnownFileType = file.storyboard; name = Base; path = Base.lproj/Main.storyboard; sourceTree = "<group>"; };
		334D247F24AE625C000CDB72 /* SceneDelegate.swift */ = {isa = PBXFileReference; fileEncoding = 4; lastKnownFileType = sourcecode.swift; path = SceneDelegate.swift; sourceTree = "<group>"; };
		334D248024AE625C000CDB72 /* AppDelegate.swift */ = {isa = PBXFileReference; fileEncoding = 4; lastKnownFileType = sourcecode.swift; path = AppDelegate.swift; sourceTree = "<group>"; };
		334D248324AE6267000CDB72 /* Pokemon.swift */ = {isa = PBXFileReference; fileEncoding = 4; lastKnownFileType = sourcecode.swift; path = Pokemon.swift; sourceTree = "<group>"; };
		334D248724AE6336000CDB72 /* PokedexCompactViewController.swift */ = {isa = PBXFileReference; lastKnownFileType = sourcecode.swift; path = PokedexCompactViewController.swift; sourceTree = "<group>"; };
		334D248924AE6361000CDB72 /* PokedexLargeViewController.swift */ = {isa = PBXFileReference; lastKnownFileType = sourcecode.swift; path = PokedexLargeViewController.swift; sourceTree = "<group>"; };
		334D249124AE6C0A000CDB72 /* PokemonCollectionViewCell.swift */ = {isa = PBXFileReference; lastKnownFileType = sourcecode.swift; path = PokemonCollectionViewCell.swift; sourceTree = "<group>"; };
		334D249224AE6C0A000CDB72 /* PokemonCollectionViewCell.xib */ = {isa = PBXFileReference; lastKnownFileType = file.xib; path = PokemonCollectionViewCell.xib; sourceTree = "<group>"; };
		334D249624AE7155000CDB72 /* UIView+Extension.swift */ = {isa = PBXFileReference; lastKnownFileType = sourcecode.swift; path = "UIView+Extension.swift"; sourceTree = "<group>"; };
		334D249A24AE7383000CDB72 /* CollectionViewDataSource.swift */ = {isa = PBXFileReference; lastKnownFileType = sourcecode.swift; path = CollectionViewDataSource.swift; sourceTree = "<group>"; };
		334D249C24AE7390000CDB72 /* CollectionViewLayoutModel.swift */ = {isa = PBXFileReference; lastKnownFileType = sourcecode.swift; path = CollectionViewLayoutModel.swift; sourceTree = "<group>"; };
		334D249E24AE8264000CDB72 /* Extensions.swift */ = {isa = PBXFileReference; lastKnownFileType = sourcecode.swift; path = Extensions.swift; sourceTree = "<group>"; };
		334D24A024AE89C8000CDB72 /* PokemonLargeCollectionViewCell.swift */ = {isa = PBXFileReference; lastKnownFileType = sourcecode.swift; path = PokemonLargeCollectionViewCell.swift; sourceTree = "<group>"; };
		334D24A124AE89C8000CDB72 /* PokemonLargeCollectionViewCell.xib */ = {isa = PBXFileReference; lastKnownFileType = file.xib; path = PokemonLargeCollectionViewCell.xib; sourceTree = "<group>"; };
		33EE5A0224AFE90E00CC2AE6 /* OldSchoolCollectionViewDataSource.swift */ = {isa = PBXFileReference; lastKnownFileType = sourcecode.swift; path = OldSchoolCollectionViewDataSource.swift; sourceTree = "<group>"; };
		33EE5A0424AFE9BC00CC2AE6 /* OldSchoolCollectionViewDelegate.swift */ = {isa = PBXFileReference; lastKnownFileType = sourcecode.swift; path = OldSchoolCollectionViewDelegate.swift; sourceTree = "<group>"; };
		33EE5A0624AFF3D300CC2AE6 /* CustomCollectionView.swift */ = {isa = PBXFileReference; lastKnownFileType = sourcecode.swift; path = CustomCollectionView.swift; sourceTree = "<group>"; };
		A11D349824AABED7002BDD2B /* Pokemon Solid.ttf */ = {isa = PBXFileReference; lastKnownFileType = file; name = "Pokemon Solid.ttf"; path = "../Pokemon Solid.ttf"; sourceTree = "<group>"; };
		A11D349924AABED7002BDD2B /* Pokemon Hollow.ttf */ = {isa = PBXFileReference; lastKnownFileType = file; name = "Pokemon Hollow.ttf"; path = "../Pokemon Hollow.ttf"; sourceTree = "<group>"; };
		A125200824AAAB71008F7E2E /* pokemon.csv */ = {isa = PBXFileReference; fileEncoding = 4; lastKnownFileType = text; name = pokemon.csv; path = ../pokemon.csv; sourceTree = "<group>"; };
		A125200924AAAB71008F7E2E /* csv.swift */ = {isa = PBXFileReference; fileEncoding = 4; lastKnownFileType = sourcecode.swift; name = csv.swift; path = ../csv.swift; sourceTree = "<group>"; };
		A125200C24AAABA0008F7E2E /* PokemonGenerator.swift */ = {isa = PBXFileReference; lastKnownFileType = sourcecode.swift; name = PokemonGenerator.swift; path = ../Resources/PokemonGenerator.swift; sourceTree = "<group>"; };
/* End PBXFileReference section */

/* Begin PBXFrameworksBuildPhase section */
		185CB1F523C78CE6009F7571 /* Frameworks */ = {
			isa = PBXFrameworksBuildPhase;
			buildActionMask = 2147483647;
			files = (
			);
			runOnlyForDeploymentPostprocessing = 0;
		};
/* End PBXFrameworksBuildPhase section */

/* Begin PBXGroup section */
		185CB1EF23C78CE6009F7571 = {
			isa = PBXGroup;
			children = (
				185CB1FA23C78CE6009F7571 /* Pokedex */,
				185CB20923C78CE8009F7571 /* Info.plist */,
				185CB1F923C78CE6009F7571 /* Products */,
			);
			indentWidth = 2;
			sourceTree = "<group>";
			tabWidth = 2;
		};
		185CB1F923C78CE6009F7571 /* Products */ = {
			isa = PBXGroup;
			children = (
				185CB1F823C78CE6009F7571 /* Pokedex.app */,
			);
			name = Products;
			sourceTree = "<group>";
		};
		185CB1FA23C78CE6009F7571 /* Pokedex */ = {
			isa = PBXGroup;
			children = (
				334D247324AE6163000CDB72 /* AppDelegate */,
				334D249524AE70FC000CDB72 /* Extensions */,
				334D247824AE61CC000CDB72 /* Services */,
				334D247524AE617E000CDB72 /* Model */,
				334D248524AE62F0000CDB72 /* View */,
				334D248624AE62F7000CDB72 /* Controller */,
				334D247424AE616F000CDB72 /* Storyboard */,
				A125200724AAAB64008F7E2E /* Resources */,
			);
			path = Pokedex;
			sourceTree = "<group>";
		};
		334D247324AE6163000CDB72 /* AppDelegate */ = {
			isa = PBXGroup;
			children = (
				334D248024AE625C000CDB72 /* AppDelegate.swift */,
				334D247F24AE625C000CDB72 /* SceneDelegate.swift */,
			);
			path = AppDelegate;
			sourceTree = "<group>";
		};
		334D247424AE616F000CDB72 /* Storyboard */ = {
			isa = PBXGroup;
			children = (
				334D247924AE623C000CDB72 /* LaunchScreen.storyboard */,
				334D247B24AE623C000CDB72 /* Main.storyboard */,
			);
			path = Storyboard;
			sourceTree = "<group>";
		};
		334D247524AE617E000CDB72 /* Model */ = {
			isa = PBXGroup;
			children = (
				334D248324AE6267000CDB72 /* Pokemon.swift */,
				334D249A24AE7383000CDB72 /* CollectionViewDataSource.swift */,
				334D249C24AE7390000CDB72 /* CollectionViewLayoutModel.swift */,
				33EE5A0224AFE90E00CC2AE6 /* OldSchoolCollectionViewDataSource.swift */,
				33EE5A0424AFE9BC00CC2AE6 /* OldSchoolCollectionViewDelegate.swift */,
			);
			path = Model;
			sourceTree = "<group>";
		};
		334D247624AE61A6000CDB72 /* Fonts */ = {
			isa = PBXGroup;
			children = (
				A11D349924AABED7002BDD2B /* Pokemon Hollow.ttf */,
				A11D349824AABED7002BDD2B /* Pokemon Solid.ttf */,
			);
			path = Fonts;
			sourceTree = "<group>";
		};
		334D247724AE61B0000CDB72 /* DataFiles */ = {
			isa = PBXGroup;
			children = (
				A125200824AAAB71008F7E2E /* pokemon.csv */,
				A125200924AAAB71008F7E2E /* csv.swift */,
			);
			path = DataFiles;
			sourceTree = "<group>";
		};
		334D247824AE61CC000CDB72 /* Services */ = {
			isa = PBXGroup;
			children = (
				A125200C24AAABA0008F7E2E /* PokemonGenerator.swift */,
			);
			path = Services;
			sourceTree = "<group>";
		};
		334D248524AE62F0000CDB72 /* View */ = {
			isa = PBXGroup;
			children = (
				334D249124AE6C0A000CDB72 /* PokemonCollectionViewCell.swift */,
				334D249224AE6C0A000CDB72 /* PokemonCollectionViewCell.xib */,
				334D24A024AE89C8000CDB72 /* PokemonLargeCollectionViewCell.swift */,
				334D24A124AE89C8000CDB72 /* PokemonLargeCollectionViewCell.xib */,
				33EE5A0624AFF3D300CC2AE6 /* CustomCollectionView.swift */,
			);
			path = View;
			sourceTree = "<group>";
		};
		334D248624AE62F7000CDB72 /* Controller */ = {
			isa = PBXGroup;
			children = (
				334D248724AE6336000CDB72 /* PokedexCompactViewController.swift */,
				334D248924AE6361000CDB72 /* PokedexLargeViewController.swift */,
			);
			path = Controller;
			sourceTree = "<group>";
		};
		334D249524AE70FC000CDB72 /* Extensions */ = {
			isa = PBXGroup;
			children = (
				334D249624AE7155000CDB72 /* UIView+Extension.swift */,
				334D249E24AE8264000CDB72 /* Extensions.swift */,
			);
			path = Extensions;
			sourceTree = "<group>";
		};
		A125200724AAAB64008F7E2E /* Resources */ = {
			isa = PBXGroup;
			children = (
				185CB20423C78CE8009F7571 /* Assets.xcassets */,
				334D247724AE61B0000CDB72 /* DataFiles */,
				334D247624AE61A6000CDB72 /* Fonts */,
			);
			path = Resources;
			sourceTree = "<group>";
		};
/* End PBXGroup section */

/* Begin PBXNativeTarget section */
		185CB1F723C78CE6009F7571 /* Pokedex */ = {
			isa = PBXNativeTarget;
			buildConfigurationList = 185CB20C23C78CE8009F7571 /* Build configuration list for PBXNativeTarget "Pokedex" */;
			buildPhases = (
				181FE31E248EA70400A180EA /* ShellScript */,
				185CB1F423C78CE6009F7571 /* Sources */,
				185CB1F523C78CE6009F7571 /* Frameworks */,
				185CB1F623C78CE6009F7571 /* Resources */,
			);
			buildRules = (
			);
			dependencies = (
			);
			name = Pokedex;
			productName = Pokedex;
			productReference = 185CB1F823C78CE6009F7571 /* Pokedex.app */;
			productType = "com.apple.product-type.application";
		};
/* End PBXNativeTarget section */

/* Begin PBXProject section */
		185CB1F023C78CE6009F7571 /* Project object */ = {
			isa = PBXProject;
			attributes = {
				LastSwiftUpdateCheck = 1130;
				LastUpgradeCheck = 1130;
				ORGANIZATIONNAME = "Ray Wenderlich";
				TargetAttributes = {
					185CB1F723C78CE6009F7571 = {
						CreatedOnToolsVersion = 11.3;
					};
				};
			};
			buildConfigurationList = 185CB1F323C78CE6009F7571 /* Build configuration list for PBXProject "Pokedex" */;
			compatibilityVersion = "Xcode 9.3";
			developmentRegion = en;
			hasScannedForEncodings = 0;
			knownRegions = (
				en,
				Base,
			);
			mainGroup = 185CB1EF23C78CE6009F7571;
			productRefGroup = 185CB1F923C78CE6009F7571 /* Products */;
			projectDirPath = "";
			projectRoot = "";
			targets = (
				185CB1F723C78CE6009F7571 /* Pokedex */,
			);
		};
/* End PBXProject section */

/* Begin PBXResourcesBuildPhase section */
		185CB1F623C78CE6009F7571 /* Resources */ = {
			isa = PBXResourcesBuildPhase;
			buildActionMask = 2147483647;
			files = (
				A11D349A24AABED7002BDD2B /* Pokemon Solid.ttf in Resources */,
				A11D349B24AABED7002BDD2B /* Pokemon Hollow.ttf in Resources */,
				185CB20523C78CE8009F7571 /* Assets.xcassets in Resources */,
				334D249424AE6C0A000CDB72 /* PokemonCollectionViewCell.xib in Resources */,
				334D247E24AE623C000CDB72 /* Main.storyboard in Resources */,
				334D247D24AE623C000CDB72 /* LaunchScreen.storyboard in Resources */,
				334D24A324AE89C8000CDB72 /* PokemonLargeCollectionViewCell.xib in Resources */,
				A125200A24AAAB71008F7E2E /* pokemon.csv in Resources */,
			);
			runOnlyForDeploymentPostprocessing = 0;
		};
/* End PBXResourcesBuildPhase section */

/* Begin PBXShellScriptBuildPhase section */
		181FE31E248EA70400A180EA /* ShellScript */ = {
			isa = PBXShellScriptBuildPhase;
			buildActionMask = 2147483647;
			files = (
			);
			inputFileListPaths = (
			);
			inputPaths = (
			);
			outputFileListPaths = (
			);
			outputPaths = (
			);
			runOnlyForDeploymentPostprocessing = 0;
			shellPath = /bin/sh;
			shellScript = "if [ -f ~/swiftlint.yml ]; then\n  if which swiftlint >/dev/null; then\n    swiftlint --config ~/swiftlint.yml\n  fi\nfi\n";
		};
/* End PBXShellScriptBuildPhase section */

/* Begin PBXSourcesBuildPhase section */
		185CB1F423C78CE6009F7571 /* Sources */ = {
			isa = PBXSourcesBuildPhase;
			buildActionMask = 2147483647;
			files = (
				33EE5A0524AFE9BC00CC2AE6 /* OldSchoolCollectionViewDelegate.swift in Sources */,
				334D248424AE6267000CDB72 /* Pokemon.swift in Sources */,
				334D249B24AE7383000CDB72 /* CollectionViewDataSource.swift in Sources */,
				A125200B24AAAB71008F7E2E /* csv.swift in Sources */,
				334D249324AE6C0A000CDB72 /* PokemonCollectionViewCell.swift in Sources */,
				334D249724AE7155000CDB72 /* UIView+Extension.swift in Sources */,
				334D249D24AE7390000CDB72 /* CollectionViewLayoutModel.swift in Sources */,
				33EE5A0724AFF3D300CC2AE6 /* CustomCollectionView.swift in Sources */,
				A125200D24AAABA0008F7E2E /* PokemonGenerator.swift in Sources */,
				334D249F24AE8264000CDB72 /* Extensions.swift in Sources */,
				334D248824AE6336000CDB72 /* PokedexCompactViewController.swift in Sources */,
				33EE5A0324AFE90E00CC2AE6 /* OldSchoolCollectionViewDataSource.swift in Sources */,
				334D248224AE625C000CDB72 /* AppDelegate.swift in Sources */,
				334D24A224AE89C8000CDB72 /* PokemonLargeCollectionViewCell.swift in Sources */,
				334D248A24AE6361000CDB72 /* PokedexLargeViewController.swift in Sources */,
				334D248124AE625C000CDB72 /* SceneDelegate.swift in Sources */,
			);
			runOnlyForDeploymentPostprocessing = 0;
		};
/* End PBXSourcesBuildPhase section */

/* Begin PBXVariantGroup section */
		334D247924AE623C000CDB72 /* LaunchScreen.storyboard */ = {
			isa = PBXVariantGroup;
			children = (
				334D247A24AE623C000CDB72 /* Base */,
			);
			name = LaunchScreen.storyboard;
			sourceTree = "<group>";
		};
		334D247B24AE623C000CDB72 /* Main.storyboard */ = {
			isa = PBXVariantGroup;
			children = (
				334D247C24AE623C000CDB72 /* Base */,
			);
			name = Main.storyboard;
			sourceTree = "<group>";
		};
/* End PBXVariantGroup section */

/* Begin XCBuildConfiguration section */
		185CB20A23C78CE8009F7571 /* Debug */ = {
			isa = XCBuildConfiguration;
			buildSettings = {
				ALWAYS_SEARCH_USER_PATHS = NO;
				CLANG_ANALYZER_NONNULL = YES;
				CLANG_ANALYZER_NUMBER_OBJECT_CONVERSION = YES_AGGRESSIVE;
				CLANG_CXX_LANGUAGE_STANDARD = "gnu++14";
				CLANG_CXX_LIBRARY = "libc++";
				CLANG_ENABLE_MODULES = YES;
				CLANG_ENABLE_OBJC_ARC = YES;
				CLANG_ENABLE_OBJC_WEAK = YES;
				CLANG_WARN_BLOCK_CAPTURE_AUTORELEASING = YES;
				CLANG_WARN_BOOL_CONVERSION = YES;
				CLANG_WARN_COMMA = YES;
				CLANG_WARN_CONSTANT_CONVERSION = YES;
				CLANG_WARN_DEPRECATED_OBJC_IMPLEMENTATIONS = YES;
				CLANG_WARN_DIRECT_OBJC_ISA_USAGE = YES_ERROR;
				CLANG_WARN_DOCUMENTATION_COMMENTS = YES;
				CLANG_WARN_EMPTY_BODY = YES;
				CLANG_WARN_ENUM_CONVERSION = YES;
				CLANG_WARN_INFINITE_RECURSION = YES;
				CLANG_WARN_INT_CONVERSION = YES;
				CLANG_WARN_NON_LITERAL_NULL_CONVERSION = YES;
				CLANG_WARN_OBJC_IMPLICIT_RETAIN_SELF = YES;
				CLANG_WARN_OBJC_LITERAL_CONVERSION = YES;
				CLANG_WARN_OBJC_ROOT_CLASS = YES_ERROR;
				CLANG_WARN_RANGE_LOOP_ANALYSIS = YES;
				CLANG_WARN_STRICT_PROTOTYPES = YES;
				CLANG_WARN_SUSPICIOUS_MOVE = YES;
				CLANG_WARN_UNGUARDED_AVAILABILITY = YES_AGGRESSIVE;
				CLANG_WARN_UNREACHABLE_CODE = YES;
				CLANG_WARN__DUPLICATE_METHOD_MATCH = YES;
				COPY_PHASE_STRIP = NO;
				DEBUG_INFORMATION_FORMAT = dwarf;
				ENABLE_STRICT_OBJC_MSGSEND = YES;
				ENABLE_TESTABILITY = YES;
				GCC_C_LANGUAGE_STANDARD = gnu11;
				GCC_DYNAMIC_NO_PIC = NO;
				GCC_NO_COMMON_BLOCKS = YES;
				GCC_OPTIMIZATION_LEVEL = 0;
				GCC_PREPROCESSOR_DEFINITIONS = (
					"DEBUG=1",
					"$(inherited)",
				);
				GCC_WARN_64_TO_32_BIT_CONVERSION = YES;
				GCC_WARN_ABOUT_RETURN_TYPE = YES_ERROR;
				GCC_WARN_UNDECLARED_SELECTOR = YES;
				GCC_WARN_UNINITIALIZED_AUTOS = YES_AGGRESSIVE;
				GCC_WARN_UNUSED_FUNCTION = YES;
				GCC_WARN_UNUSED_VARIABLE = YES;
				IPHONEOS_DEPLOYMENT_TARGET = 13.2;
				MTL_ENABLE_DEBUG_INFO = INCLUDE_SOURCE;
				MTL_FAST_MATH = YES;
				ONLY_ACTIVE_ARCH = YES;
				SDKROOT = iphoneos;
				SWIFT_ACTIVE_COMPILATION_CONDITIONS = DEBUG;
				SWIFT_OPTIMIZATION_LEVEL = "-Onone";
			};
			name = Debug;
		};
		185CB20B23C78CE8009F7571 /* Release */ = {
			isa = XCBuildConfiguration;
			buildSettings = {
				ALWAYS_SEARCH_USER_PATHS = NO;
				CLANG_ANALYZER_NONNULL = YES;
				CLANG_ANALYZER_NUMBER_OBJECT_CONVERSION = YES_AGGRESSIVE;
				CLANG_CXX_LANGUAGE_STANDARD = "gnu++14";
				CLANG_CXX_LIBRARY = "libc++";
				CLANG_ENABLE_MODULES = YES;
				CLANG_ENABLE_OBJC_ARC = YES;
				CLANG_ENABLE_OBJC_WEAK = YES;
				CLANG_WARN_BLOCK_CAPTURE_AUTORELEASING = YES;
				CLANG_WARN_BOOL_CONVERSION = YES;
				CLANG_WARN_COMMA = YES;
				CLANG_WARN_CONSTANT_CONVERSION = YES;
				CLANG_WARN_DEPRECATED_OBJC_IMPLEMENTATIONS = YES;
				CLANG_WARN_DIRECT_OBJC_ISA_USAGE = YES_ERROR;
				CLANG_WARN_DOCUMENTATION_COMMENTS = YES;
				CLANG_WARN_EMPTY_BODY = YES;
				CLANG_WARN_ENUM_CONVERSION = YES;
				CLANG_WARN_INFINITE_RECURSION = YES;
				CLANG_WARN_INT_CONVERSION = YES;
				CLANG_WARN_NON_LITERAL_NULL_CONVERSION = YES;
				CLANG_WARN_OBJC_IMPLICIT_RETAIN_SELF = YES;
				CLANG_WARN_OBJC_LITERAL_CONVERSION = YES;
				CLANG_WARN_OBJC_ROOT_CLASS = YES_ERROR;
				CLANG_WARN_RANGE_LOOP_ANALYSIS = YES;
				CLANG_WARN_STRICT_PROTOTYPES = YES;
				CLANG_WARN_SUSPICIOUS_MOVE = YES;
				CLANG_WARN_UNGUARDED_AVAILABILITY = YES_AGGRESSIVE;
				CLANG_WARN_UNREACHABLE_CODE = YES;
				CLANG_WARN__DUPLICATE_METHOD_MATCH = YES;
				COPY_PHASE_STRIP = NO;
				DEBUG_INFORMATION_FORMAT = "dwarf-with-dsym";
				ENABLE_NS_ASSERTIONS = NO;
				ENABLE_STRICT_OBJC_MSGSEND = YES;
				GCC_C_LANGUAGE_STANDARD = gnu11;
				GCC_NO_COMMON_BLOCKS = YES;
				GCC_WARN_64_TO_32_BIT_CONVERSION = YES;
				GCC_WARN_ABOUT_RETURN_TYPE = YES_ERROR;
				GCC_WARN_UNDECLARED_SELECTOR = YES;
				GCC_WARN_UNINITIALIZED_AUTOS = YES_AGGRESSIVE;
				GCC_WARN_UNUSED_FUNCTION = YES;
				GCC_WARN_UNUSED_VARIABLE = YES;
				IPHONEOS_DEPLOYMENT_TARGET = 13.2;
				MTL_ENABLE_DEBUG_INFO = NO;
				MTL_FAST_MATH = YES;
				SDKROOT = iphoneos;
				SWIFT_COMPILATION_MODE = wholemodule;
				SWIFT_OPTIMIZATION_LEVEL = "-O";
				VALIDATE_PRODUCT = YES;
			};
			name = Release;
		};
		185CB20D23C78CE8009F7571 /* Debug */ = {
			isa = XCBuildConfiguration;
			buildSettings = {
				ASSETCATALOG_COMPILER_APPICON_NAME = AppIcon;
				CODE_SIGN_STYLE = Automatic;
				DEVELOPMENT_TEAM = PSFNNZ46DN;
				INFOPLIST_FILE = Pokedex/Info.plist;
				LD_RUNPATH_SEARCH_PATHS = (
					"$(inherited)",
					"@executable_path/Frameworks",
				);
				PRODUCT_BUNDLE_IDENTIFIER = com.shrutiapps.Pokedex;
				PRODUCT_NAME = "$(TARGET_NAME)";
				SWIFT_VERSION = 5.0;
				TARGETED_DEVICE_FAMILY = "1,2";
			};
			name = Debug;
		};
		185CB20E23C78CE8009F7571 /* Release */ = {
			isa = XCBuildConfiguration;
			buildSettings = {
				ASSETCATALOG_COMPILER_APPICON_NAME = AppIcon;
				CODE_SIGN_STYLE = Automatic;
				DEVELOPMENT_TEAM = PSFNNZ46DN;
				INFOPLIST_FILE = Pokedex/Info.plist;
				LD_RUNPATH_SEARCH_PATHS = (
					"$(inherited)",
					"@executable_path/Frameworks",
				);
				PRODUCT_BUNDLE_IDENTIFIER = com.shrutiapps.Pokedex;
				PRODUCT_NAME = "$(TARGET_NAME)";
				SWIFT_VERSION = 5.0;
				TARGETED_DEVICE_FAMILY = "1,2";
			};
			name = Release;
		};
/* End XCBuildConfiguration section */

/* Begin XCConfigurationList section */
		185CB1F323C78CE6009F7571 /* Build configuration list for PBXProject "Pokedex" */ = {
			isa = XCConfigurationList;
			buildConfigurations = (
				185CB20A23C78CE8009F7571 /* Debug */,
				185CB20B23C78CE8009F7571 /* Release */,
			);
			defaultConfigurationIsVisible = 0;
			defaultConfigurationName = Release;
		};
		185CB20C23C78CE8009F7571 /* Build configuration list for PBXNativeTarget "Pokedex" */ = {
			isa = XCConfigurationList;
			buildConfigurations = (
				185CB20D23C78CE8009F7571 /* Debug */,
				185CB20E23C78CE8009F7571 /* Release */,
			);
			defaultConfigurationIsVisible = 0;
			defaultConfigurationName = Release;
		};
/* End XCConfigurationList section */
	};
	rootObject = 185CB1F023C78CE6009F7571 /* Project object */;
}
