// !$*UTF8*$!
{
	archiveVersion = 1;
	classes = {
	};
	objectVersion = 51;
	objects = {

/* Begin PBXBuildFile section */
		332D05BE2494418800014ADA /* AppDelegate.swift in Sources */ = {isa = PBXBuildFile; fileRef = 332D05BD2494418800014ADA /* AppDelegate.swift */; };
		332D05C02494418800014ADA /* SceneDelegate.swift in Sources */ = {isa = PBXBuildFile; fileRef = 332D05BF2494418800014ADA /* SceneDelegate.swift */; };
		332D05C52494418900014ADA /* Main.storyboard in Resources */ = {isa = PBXBuildFile; fileRef = 332D05C32494418900014ADA /* Main.storyboard */; };
		332D05C72494418B00014ADA /* Assets.xcassets in Resources */ = {isa = PBXBuildFile; fileRef = 332D05C62494418B00014ADA /* Assets.xcassets */; };
		332D05CA2494418B00014ADA /* LaunchScreen.storyboard in Resources */ = {isa = PBXBuildFile; fileRef = 332D05C82494418B00014ADA /* LaunchScreen.storyboard */; };
		334BD4092495AC2300A57FB0 /* Constants.swift in Sources */ = {isa = PBXBuildFile; fileRef = 334BD4082495AC2300A57FB0 /* Constants.swift */; };
		33674504249AA3760057ABC2 /* RestaurantAnnotationView.swift in Sources */ = {isa = PBXBuildFile; fileRef = 33674503249AA3760057ABC2 /* RestaurantAnnotationView.swift */; };
		33674506249AD1350057ABC2 /* CardView.swift in Sources */ = {isa = PBXBuildFile; fileRef = 33674505249AD1350057ABC2 /* CardView.swift */; };
		33674509249AE52A0057ABC2 /* RestaurantViewModel.swift in Sources */ = {isa = PBXBuildFile; fileRef = 33674508249AE52A0057ABC2 /* RestaurantViewModel.swift */; };
		3367450D249B014F0057ABC2 /* TableViewDataSource.swift in Sources */ = {isa = PBXBuildFile; fileRef = 3367450C249B014F0057ABC2 /* TableViewDataSource.swift */; };
		33886C792494926000064A63 /* RestaurantTableViewCell.swift in Sources */ = {isa = PBXBuildFile; fileRef = 33886C782494926000064A63 /* RestaurantTableViewCell.swift */; };
		33886C7B2494931600064A63 /* RestaurantTableViewController.swift in Sources */ = {isa = PBXBuildFile; fileRef = 33886C7A2494931600064A63 /* RestaurantTableViewController.swift */; };
		33886C7D2494A49300064A63 /* MapViewController.swift in Sources */ = {isa = PBXBuildFile; fileRef = 33886C7C2494A49300064A63 /* MapViewController.swift */; };
		33886C7F2494A4F300064A63 /* PlacesAPIModel.swift in Sources */ = {isa = PBXBuildFile; fileRef = 33886C7E2494A4F300064A63 /* PlacesAPIModel.swift */; };
		33886C822494A55D00064A63 /* NetworkServices.swift in Sources */ = {isa = PBXBuildFile; fileRef = 33886C812494A55D00064A63 /* NetworkServices.swift */; };
		33DC57EC2499F2F0001F24DF /* RestaurantAnnotation.swift in Sources */ = {isa = PBXBuildFile; fileRef = 33DC57EB2499F2F0001F24DF /* RestaurantAnnotation.swift */; };
		33DC57EF2499F67C001F24DF /* LocationManager.swift in Sources */ = {isa = PBXBuildFile; fileRef = 33DC57EE2499F67C001F24DF /* LocationManager.swift */; };
		3527F81F8BBEF2DD35BF54AF /* Pods_FindRestaurants.framework in Frameworks */ = {isa = PBXBuildFile; fileRef = 490FEB8ADBD4DF2B85FAD83B /* Pods_FindRestaurants.framework */; };
/* End PBXBuildFile section */

/* Begin PBXFileReference section */
		1245A6E40982C80DC8EFEF64 /* Pods-FindRestaurants.release.xcconfig */ = {isa = PBXFileReference; includeInIndex = 1; lastKnownFileType = text.xcconfig; name = "Pods-FindRestaurants.release.xcconfig"; path = "Target Support Files/Pods-FindRestaurants/Pods-FindRestaurants.release.xcconfig"; sourceTree = "<group>"; };
		332D05BA2494418800014ADA /* FindRestaurants.app */ = {isa = PBXFileReference; explicitFileType = wrapper.application; includeInIndex = 0; path = FindRestaurants.app; sourceTree = BUILT_PRODUCTS_DIR; };
		332D05BD2494418800014ADA /* AppDelegate.swift */ = {isa = PBXFileReference; lastKnownFileType = sourcecode.swift; path = AppDelegate.swift; sourceTree = "<group>"; };
		332D05BF2494418800014ADA /* SceneDelegate.swift */ = {isa = PBXFileReference; lastKnownFileType = sourcecode.swift; path = SceneDelegate.swift; sourceTree = "<group>"; };
		332D05C42494418900014ADA /* Base */ = {isa = PBXFileReference; lastKnownFileType = file.storyboard; name = Base; path = Base.lproj/Main.storyboard; sourceTree = "<group>"; };
		332D05C62494418B00014ADA /* Assets.xcassets */ = {isa = PBXFileReference; lastKnownFileType = folder.assetcatalog; path = Assets.xcassets; sourceTree = "<group>"; };
		332D05C92494418B00014ADA /* Base */ = {isa = PBXFileReference; lastKnownFileType = file.storyboard; name = Base; path = Base.lproj/LaunchScreen.storyboard; sourceTree = "<group>"; };
		332D05CB2494418B00014ADA /* Info.plist */ = {isa = PBXFileReference; lastKnownFileType = text.plist.xml; path = Info.plist; sourceTree = "<group>"; };
		334BD4082495AC2300A57FB0 /* Constants.swift */ = {isa = PBXFileReference; lastKnownFileType = sourcecode.swift; path = Constants.swift; sourceTree = "<group>"; };
		33674503249AA3760057ABC2 /* RestaurantAnnotationView.swift */ = {isa = PBXFileReference; lastKnownFileType = sourcecode.swift; path = RestaurantAnnotationView.swift; sourceTree = "<group>"; };
		33674505249AD1350057ABC2 /* CardView.swift */ = {isa = PBXFileReference; lastKnownFileType = sourcecode.swift; path = CardView.swift; sourceTree = "<group>"; };
		33674508249AE52A0057ABC2 /* RestaurantViewModel.swift */ = {isa = PBXFileReference; lastKnownFileType = sourcecode.swift; path = RestaurantViewModel.swift; sourceTree = "<group>"; };
		3367450C249B014F0057ABC2 /* TableViewDataSource.swift */ = {isa = PBXFileReference; lastKnownFileType = sourcecode.swift; path = TableViewDataSource.swift; sourceTree = "<group>"; };
		33886C782494926000064A63 /* RestaurantTableViewCell.swift */ = {isa = PBXFileReference; lastKnownFileType = sourcecode.swift; path = RestaurantTableViewCell.swift; sourceTree = "<group>"; };
		33886C7A2494931600064A63 /* RestaurantTableViewController.swift */ = {isa = PBXFileReference; lastKnownFileType = sourcecode.swift; path = RestaurantTableViewController.swift; sourceTree = "<group>"; };
		33886C7C2494A49300064A63 /* MapViewController.swift */ = {isa = PBXFileReference; lastKnownFileType = sourcecode.swift; path = MapViewController.swift; sourceTree = "<group>"; };
		33886C7E2494A4F300064A63 /* PlacesAPIModel.swift */ = {isa = PBXFileReference; lastKnownFileType = sourcecode.swift; path = PlacesAPIModel.swift; sourceTree = "<group>"; };
		33886C812494A55D00064A63 /* NetworkServices.swift */ = {isa = PBXFileReference; lastKnownFileType = sourcecode.swift; path = NetworkServices.swift; sourceTree = "<group>"; };
		33DC57EB2499F2F0001F24DF /* RestaurantAnnotation.swift */ = {isa = PBXFileReference; lastKnownFileType = sourcecode.swift; path = RestaurantAnnotation.swift; sourceTree = "<group>"; };
		33DC57EE2499F67C001F24DF /* LocationManager.swift */ = {isa = PBXFileReference; lastKnownFileType = sourcecode.swift; path = LocationManager.swift; sourceTree = "<group>"; };
		490FEB8ADBD4DF2B85FAD83B /* Pods_FindRestaurants.framework */ = {isa = PBXFileReference; explicitFileType = wrapper.framework; includeInIndex = 0; path = Pods_FindRestaurants.framework; sourceTree = BUILT_PRODUCTS_DIR; };
		4DAAC69C3E67086365162999 /* Pods-FindRestaurants.debug.xcconfig */ = {isa = PBXFileReference; includeInIndex = 1; lastKnownFileType = text.xcconfig; name = "Pods-FindRestaurants.debug.xcconfig"; path = "Target Support Files/Pods-FindRestaurants/Pods-FindRestaurants.debug.xcconfig"; sourceTree = "<group>"; };
/* End PBXFileReference section */

/* Begin PBXFrameworksBuildPhase section */
		332D05B72494418800014ADA /* Frameworks */ = {
			isa = PBXFrameworksBuildPhase;
			buildActionMask = 2147483647;
			files = (
				3527F81F8BBEF2DD35BF54AF /* Pods_FindRestaurants.framework in Frameworks */,
			);
			runOnlyForDeploymentPostprocessing = 0;
		};
/* End PBXFrameworksBuildPhase section */

/* Begin PBXGroup section */
		036D5F1BA41B53F900D9F69D /* Frameworks */ = {
			isa = PBXGroup;
			children = (
				490FEB8ADBD4DF2B85FAD83B /* Pods_FindRestaurants.framework */,
			);
			name = Frameworks;
			sourceTree = "<group>";
		};
		332D05B12494418800014ADA = {
			isa = PBXGroup;
			children = (
				332D05BC2494418800014ADA /* FindRestaurants */,
				332D05BB2494418800014ADA /* Products */,
				596601763D5756D04FFEEA1E /* Pods */,
				036D5F1BA41B53F900D9F69D /* Frameworks */,
			);
			sourceTree = "<group>";
		};
		332D05BB2494418800014ADA /* Products */ = {
			isa = PBXGroup;
			children = (
				332D05BA2494418800014ADA /* FindRestaurants.app */,
			);
			name = Products;
			sourceTree = "<group>";
		};
		332D05BC2494418800014ADA /* FindRestaurants */ = {
			isa = PBXGroup;
			children = (
				33886C76249491EF00064A63 /* AppDelegate */,
				334BD4072495AC1700A57FB0 /* Helper */,
				33886C802494A52000064A63 /* Services */,
				33886C72249491D300064A63 /* Model */,
				33886C74249491E000064A63 /* View */,
				33674507249AE12E0057ABC2 /* ViewModel */,
				33886C73249491D900064A63 /* Controller */,
				33886C75249491E600064A63 /* StoryBoard */,
				33886C772494921700064A63 /* Resources */,
				332D05CB2494418B00014ADA /* Info.plist */,
			);
			path = FindRestaurants;
			sourceTree = "<group>";
		};
		334BD4072495AC1700A57FB0 /* Helper */ = {
			isa = PBXGroup;
			children = (
				334BD4082495AC2300A57FB0 /* Constants.swift */,
			);
			path = Helper;
			sourceTree = "<group>";
		};
		33674507249AE12E0057ABC2 /* ViewModel */ = {
			isa = PBXGroup;
			children = (
				33674508249AE52A0057ABC2 /* RestaurantViewModel.swift */,
			);
			path = ViewModel;
			sourceTree = "<group>";
		};
		33886C72249491D300064A63 /* Model */ = {
			isa = PBXGroup;
			children = (
				33886C7E2494A4F300064A63 /* PlacesAPIModel.swift */,
				33DC57EB2499F2F0001F24DF /* RestaurantAnnotation.swift */,
				3367450C249B014F0057ABC2 /* TableViewDataSource.swift */,
			);
			path = Model;
			sourceTree = "<group>";
		};
		33886C73249491D900064A63 /* Controller */ = {
			isa = PBXGroup;
			children = (
				33886C7A2494931600064A63 /* RestaurantTableViewController.swift */,
				33886C7C2494A49300064A63 /* MapViewController.swift */,
			);
			path = Controller;
			sourceTree = "<group>";
		};
		33886C74249491E000064A63 /* View */ = {
			isa = PBXGroup;
			children = (
				33886C782494926000064A63 /* RestaurantTableViewCell.swift */,
				33674503249AA3760057ABC2 /* RestaurantAnnotationView.swift */,
				33674505249AD1350057ABC2 /* CardView.swift */,
			);
			path = View;
			sourceTree = "<group>";
		};
		33886C75249491E600064A63 /* StoryBoard */ = {
			isa = PBXGroup;
			children = (
				332D05C32494418900014ADA /* Main.storyboard */,
				332D05C82494418B00014ADA /* LaunchScreen.storyboard */,
			);
			path = StoryBoard;
			sourceTree = "<group>";
		};
		33886C76249491EF00064A63 /* AppDelegate */ = {
			isa = PBXGroup;
			children = (
				332D05BD2494418800014ADA /* AppDelegate.swift */,
				332D05BF2494418800014ADA /* SceneDelegate.swift */,
			);
			path = AppDelegate;
			sourceTree = "<group>";
		};
		33886C772494921700064A63 /* Resources */ = {
			isa = PBXGroup;
			children = (
				332D05C62494418B00014ADA /* Assets.xcassets */,
			);
			path = Resources;
			sourceTree = "<group>";
		};
		33886C802494A52000064A63 /* Services */ = {
			isa = PBXGroup;
			children = (
				33DC57EE2499F67C001F24DF /* LocationManager.swift */,
				33886C812494A55D00064A63 /* NetworkServices.swift */,
			);
			path = Services;
			sourceTree = "<group>";
		};
		596601763D5756D04FFEEA1E /* Pods */ = {
			isa = PBXGroup;
			children = (
				4DAAC69C3E67086365162999 /* Pods-FindRestaurants.debug.xcconfig */,
				1245A6E40982C80DC8EFEF64 /* Pods-FindRestaurants.release.xcconfig */,
			);
			path = Pods;
			sourceTree = "<group>";
		};
/* End PBXGroup section */

/* Begin PBXNativeTarget section */
		332D05B92494418800014ADA /* FindRestaurants */ = {
			isa = PBXNativeTarget;
			buildConfigurationList = 332D05CE2494418B00014ADA /* Build configuration list for PBXNativeTarget "FindRestaurants" */;
			buildPhases = (
				04937945B9720B02BF4A83B1 /* [CP] Check Pods Manifest.lock */,
				332D05B62494418800014ADA /* Sources */,
				332D05B72494418800014ADA /* Frameworks */,
				332D05B82494418800014ADA /* Resources */,
				49FF71DDB7B53AC192830F82 /* [CP] Embed Pods Frameworks */,
			);
			buildRules = (
			);
			dependencies = (
			);
			name = FindRestaurants;
			productName = FindRestaurants;
			productReference = 332D05BA2494418800014ADA /* FindRestaurants.app */;
			productType = "com.apple.product-type.application";
		};
/* End PBXNativeTarget section */

/* Begin PBXProject section */
		332D05B22494418800014ADA /* Project object */ = {
			isa = PBXProject;
			attributes = {
				LastSwiftUpdateCheck = 1150;
				LastUpgradeCheck = 1150;
				ORGANIZATIONNAME = "Shruti Sharma";
				TargetAttributes = {
					332D05B92494418800014ADA = {
						CreatedOnToolsVersion = 11.5;
					};
				};
			};
			buildConfigurationList = 332D05B52494418800014ADA /* Build configuration list for PBXProject "FindRestaurants" */;
			compatibilityVersion = "Xcode 9.3";
			developmentRegion = en;
			hasScannedForEncodings = 0;
			knownRegions = (
				en,
				Base,
			);
			mainGroup = 332D05B12494418800014ADA;
			productRefGroup = 332D05BB2494418800014ADA /* Products */;
			projectDirPath = "";
			projectRoot = "";
			targets = (
				332D05B92494418800014ADA /* FindRestaurants */,
			);
		};
/* End PBXProject section */

/* Begin PBXResourcesBuildPhase section */
		332D05B82494418800014ADA /* Resources */ = {
			isa = PBXResourcesBuildPhase;
			buildActionMask = 2147483647;
			files = (
				332D05CA2494418B00014ADA /* LaunchScreen.storyboard in Resources */,
				332D05C72494418B00014ADA /* Assets.xcassets in Resources */,
				332D05C52494418900014ADA /* Main.storyboard in Resources */,
			);
			runOnlyForDeploymentPostprocessing = 0;
		};
/* End PBXResourcesBuildPhase section */

/* Begin PBXShellScriptBuildPhase section */
		04937945B9720B02BF4A83B1 /* [CP] Check Pods Manifest.lock */ = {
			isa = PBXShellScriptBuildPhase;
			buildActionMask = 2147483647;
			files = (
			);
			inputFileListPaths = (
			);
			inputPaths = (
				"${PODS_PODFILE_DIR_PATH}/Podfile.lock",
				"${PODS_ROOT}/Manifest.lock",
			);
			name = "[CP] Check Pods Manifest.lock";
			outputFileListPaths = (
			);
			outputPaths = (
				"$(DERIVED_FILE_DIR)/Pods-FindRestaurants-checkManifestLockResult.txt",
			);
			runOnlyForDeploymentPostprocessing = 0;
			shellPath = /bin/sh;
			shellScript = "diff \"${PODS_PODFILE_DIR_PATH}/Podfile.lock\" \"${PODS_ROOT}/Manifest.lock\" > /dev/null\nif [ $? != 0 ] ; then\n    # print error to STDERR\n    echo \"error: The sandbox is not in sync with the Podfile.lock. Run 'pod install' or update your CocoaPods installation.\" >&2\n    exit 1\nfi\n# This output is used by Xcode 'outputs' to avoid re-running this script phase.\necho \"SUCCESS\" > \"${SCRIPT_OUTPUT_FILE_0}\"\n";
			showEnvVarsInLog = 0;
		};
		49FF71DDB7B53AC192830F82 /* [CP] Embed Pods Frameworks */ = {
			isa = PBXShellScriptBuildPhase;
			buildActionMask = 2147483647;
			files = (
			);
			inputFileListPaths = (
				"${PODS_ROOT}/Target Support Files/Pods-FindRestaurants/Pods-FindRestaurants-frameworks-${CONFIGURATION}-input-files.xcfilelist",
			);
			name = "[CP] Embed Pods Frameworks";
			outputFileListPaths = (
				"${PODS_ROOT}/Target Support Files/Pods-FindRestaurants/Pods-FindRestaurants-frameworks-${CONFIGURATION}-output-files.xcfilelist",
			);
			runOnlyForDeploymentPostprocessing = 0;
			shellPath = /bin/sh;
			shellScript = "\"${PODS_ROOT}/Target Support Files/Pods-FindRestaurants/Pods-FindRestaurants-frameworks.sh\"\n";
			showEnvVarsInLog = 0;
		};
/* End PBXShellScriptBuildPhase section */

/* Begin PBXSourcesBuildPhase section */
		332D05B62494418800014ADA /* Sources */ = {
			isa = PBXSourcesBuildPhase;
			buildActionMask = 2147483647;
			files = (
				33886C792494926000064A63 /* RestaurantTableViewCell.swift in Sources */,
				332D05BE2494418800014ADA /* AppDelegate.swift in Sources */,
				33886C7F2494A4F300064A63 /* PlacesAPIModel.swift in Sources */,
				33674504249AA3760057ABC2 /* RestaurantAnnotationView.swift in Sources */,
				33DC57EF2499F67C001F24DF /* LocationManager.swift in Sources */,
				33886C822494A55D00064A63 /* NetworkServices.swift in Sources */,
				33674506249AD1350057ABC2 /* CardView.swift in Sources */,
				33DC57EC2499F2F0001F24DF /* RestaurantAnnotation.swift in Sources */,
				33886C7B2494931600064A63 /* RestaurantTableViewController.swift in Sources */,
				33886C7D2494A49300064A63 /* MapViewController.swift in Sources */,
				332D05C02494418800014ADA /* SceneDelegate.swift in Sources */,
				334BD4092495AC2300A57FB0 /* Constants.swift in Sources */,
				3367450D249B014F0057ABC2 /* TableViewDataSource.swift in Sources */,
				33674509249AE52A0057ABC2 /* RestaurantViewModel.swift in Sources */,
			);
			runOnlyForDeploymentPostprocessing = 0;
		};
/* End PBXSourcesBuildPhase section */

/* Begin PBXVariantGroup section */
		332D05C32494418900014ADA /* Main.storyboard */ = {
			isa = PBXVariantGroup;
			children = (
				332D05C42494418900014ADA /* Base */,
			);
			name = Main.storyboard;
			sourceTree = "<group>";
		};
		332D05C82494418B00014ADA /* LaunchScreen.storyboard */ = {
			isa = PBXVariantGroup;
			children = (
				332D05C92494418B00014ADA /* Base */,
			);
			name = LaunchScreen.storyboard;
			sourceTree = "<group>";
		};
/* End PBXVariantGroup section */

/* Begin XCBuildConfiguration section */
		332D05CC2494418B00014ADA /* Debug */ = {
			isa = XCBuildConfiguration;
			buildSettings = {
				ALWAYS_SEARCH_USER_PATHS = NO;
				CLANG_ANALYZER_NONNULL = YES;
				CLANG_ANALYZER_NUMBER_OBJECT_CONVERSION = YES_AGGRESSIVE;
				CLANG_CXX_LANGUAGE_STANDARD = "gnu++14";
				CLANG_CXX_LIBRARY = "libc++";
				CLANG_ENABLE_MODULES = YES;
				CLANG_ENABLE_OBJC_ARC = YES;
				CLANG_ENABLE_OBJC_WEAK = YES;
				CLANG_WARN_BLOCK_CAPTURE_AUTORELEASING = YES;
				CLANG_WARN_BOOL_CONVERSION = YES;
				CLANG_WARN_COMMA = YES;
				CLANG_WARN_CONSTANT_CONVERSION = YES;
				CLANG_WARN_DEPRECATED_OBJC_IMPLEMENTATIONS = YES;
				CLANG_WARN_DIRECT_OBJC_ISA_USAGE = YES_ERROR;
				CLANG_WARN_DOCUMENTATION_COMMENTS = YES;
				CLANG_WARN_EMPTY_BODY = YES;
				CLANG_WARN_ENUM_CONVERSION = YES;
				CLANG_WARN_INFINITE_RECURSION = YES;
				CLANG_WARN_INT_CONVERSION = YES;
				CLANG_WARN_NON_LITERAL_NULL_CONVERSION = YES;
				CLANG_WARN_OBJC_IMPLICIT_RETAIN_SELF = YES;
				CLANG_WARN_OBJC_LITERAL_CONVERSION = YES;
				CLANG_WARN_OBJC_ROOT_CLASS = YES_ERROR;
				CLANG_WARN_RANGE_LOOP_ANALYSIS = YES;
				CLANG_WARN_STRICT_PROTOTYPES = YES;
				CLANG_WARN_SUSPICIOUS_MOVE = YES;
				CLANG_WARN_UNGUARDED_AVAILABILITY = YES_AGGRESSIVE;
				CLANG_WARN_UNREACHABLE_CODE = YES;
				CLANG_WARN__DUPLICATE_METHOD_MATCH = YES;
				COPY_PHASE_STRIP = NO;
				DEBUG_INFORMATION_FORMAT = dwarf;
				ENABLE_STRICT_OBJC_MSGSEND = YES;
				ENABLE_TESTABILITY = YES;
				GCC_C_LANGUAGE_STANDARD = gnu11;
				GCC_DYNAMIC_NO_PIC = NO;
				GCC_NO_COMMON_BLOCKS = YES;
				GCC_OPTIMIZATION_LEVEL = 0;
				GCC_PREPROCESSOR_DEFINITIONS = (
					"DEBUG=1",
					"$(inherited)",
				);
				GCC_WARN_64_TO_32_BIT_CONVERSION = YES;
				GCC_WARN_ABOUT_RETURN_TYPE = YES_ERROR;
				GCC_WARN_UNDECLARED_SELECTOR = YES;
				GCC_WARN_UNINITIALIZED_AUTOS = YES_AGGRESSIVE;
				GCC_WARN_UNUSED_FUNCTION = YES;
				GCC_WARN_UNUSED_VARIABLE = YES;
				IPHONEOS_DEPLOYMENT_TARGET = 13.5;
				MTL_ENABLE_DEBUG_INFO = INCLUDE_SOURCE;
				MTL_FAST_MATH = YES;
				ONLY_ACTIVE_ARCH = YES;
				SDKROOT = iphoneos;
				SWIFT_ACTIVE_COMPILATION_CONDITIONS = DEBUG;
				SWIFT_OPTIMIZATION_LEVEL = "-Onone";
			};
			name = Debug;
		};
		332D05CD2494418B00014ADA /* Release */ = {
			isa = XCBuildConfiguration;
			buildSettings = {
				ALWAYS_SEARCH_USER_PATHS = NO;
				CLANG_ANALYZER_NONNULL = YES;
				CLANG_ANALYZER_NUMBER_OBJECT_CONVERSION = YES_AGGRESSIVE;
				CLANG_CXX_LANGUAGE_STANDARD = "gnu++14";
				CLANG_CXX_LIBRARY = "libc++";
				CLANG_ENABLE_MODULES = YES;
				CLANG_ENABLE_OBJC_ARC = YES;
				CLANG_ENABLE_OBJC_WEAK = YES;
				CLANG_WARN_BLOCK_CAPTURE_AUTORELEASING = YES;
				CLANG_WARN_BOOL_CONVERSION = YES;
				CLANG_WARN_COMMA = YES;
				CLANG_WARN_CONSTANT_CONVERSION = YES;
				CLANG_WARN_DEPRECATED_OBJC_IMPLEMENTATIONS = YES;
				CLANG_WARN_DIRECT_OBJC_ISA_USAGE = YES_ERROR;
				CLANG_WARN_DOCUMENTATION_COMMENTS = YES;
				CLANG_WARN_EMPTY_BODY = YES;
				CLANG_WARN_ENUM_CONVERSION = YES;
				CLANG_WARN_INFINITE_RECURSION = YES;
				CLANG_WARN_INT_CONVERSION = YES;
				CLANG_WARN_NON_LITERAL_NULL_CONVERSION = YES;
				CLANG_WARN_OBJC_IMPLICIT_RETAIN_SELF = YES;
				CLANG_WARN_OBJC_LITERAL_CONVERSION = YES;
				CLANG_WARN_OBJC_ROOT_CLASS = YES_ERROR;
				CLANG_WARN_RANGE_LOOP_ANALYSIS = YES;
				CLANG_WARN_STRICT_PROTOTYPES = YES;
				CLANG_WARN_SUSPICIOUS_MOVE = YES;
				CLANG_WARN_UNGUARDED_AVAILABILITY = YES_AGGRESSIVE;
				CLANG_WARN_UNREACHABLE_CODE = YES;
				CLANG_WARN__DUPLICATE_METHOD_MATCH = YES;
				COPY_PHASE_STRIP = NO;
				DEBUG_INFORMATION_FORMAT = "dwarf-with-dsym";
				ENABLE_NS_ASSERTIONS = NO;
				ENABLE_STRICT_OBJC_MSGSEND = YES;
				GCC_C_LANGUAGE_STANDARD = gnu11;
				GCC_NO_COMMON_BLOCKS = YES;
				GCC_WARN_64_TO_32_BIT_CONVERSION = YES;
				GCC_WARN_ABOUT_RETURN_TYPE = YES_ERROR;
				GCC_WARN_UNDECLARED_SELECTOR = YES;
				GCC_WARN_UNINITIALIZED_AUTOS = YES_AGGRESSIVE;
				GCC_WARN_UNUSED_FUNCTION = YES;
				GCC_WARN_UNUSED_VARIABLE = YES;
				IPHONEOS_DEPLOYMENT_TARGET = 13.5;
				MTL_ENABLE_DEBUG_INFO = NO;
				MTL_FAST_MATH = YES;
				SDKROOT = iphoneos;
				SWIFT_COMPILATION_MODE = wholemodule;
				SWIFT_OPTIMIZATION_LEVEL = "-O";
				VALIDATE_PRODUCT = YES;
			};
			name = Release;
		};
		332D05CF2494418B00014ADA /* Debug */ = {
			isa = XCBuildConfiguration;
			baseConfigurationReference = 4DAAC69C3E67086365162999 /* Pods-FindRestaurants.debug.xcconfig */;
			buildSettings = {
				ASSETCATALOG_COMPILER_APPICON_NAME = AppIcon;
				CODE_SIGN_STYLE = Automatic;
				DEVELOPMENT_TEAM = PSFNNZ46DN;
				INFOPLIST_FILE = FindRestaurants/Info.plist;
				LD_RUNPATH_SEARCH_PATHS = (
					"$(inherited)",
					"@executable_path/Frameworks",
				);
				PRODUCT_BUNDLE_IDENTIFIER = com.shrutiapps..FindRestaurants;
				PRODUCT_NAME = "$(TARGET_NAME)";
				SWIFT_VERSION = 5.0;
				TARGETED_DEVICE_FAMILY = "1,2";
			};
			name = Debug;
		};
		332D05D02494418B00014ADA /* Release */ = {
			isa = XCBuildConfiguration;
			baseConfigurationReference = 1245A6E40982C80DC8EFEF64 /* Pods-FindRestaurants.release.xcconfig */;
			buildSettings = {
				ASSETCATALOG_COMPILER_APPICON_NAME = AppIcon;
				CODE_SIGN_STYLE = Automatic;
				DEVELOPMENT_TEAM = PSFNNZ46DN;
				INFOPLIST_FILE = FindRestaurants/Info.plist;
				LD_RUNPATH_SEARCH_PATHS = (
					"$(inherited)",
					"@executable_path/Frameworks",
				);
				PRODUCT_BUNDLE_IDENTIFIER = com.shrutiapps..FindRestaurants;
				PRODUCT_NAME = "$(TARGET_NAME)";
				SWIFT_VERSION = 5.0;
				TARGETED_DEVICE_FAMILY = "1,2";
			};
			name = Release;
		};
/* End XCBuildConfiguration section */

/* Begin XCConfigurationList section */
		332D05B52494418800014ADA /* Build configuration list for PBXProject "FindRestaurants" */ = {
			isa = XCConfigurationList;
			buildConfigurations = (
				332D05CC2494418B00014ADA /* Debug */,
				332D05CD2494418B00014ADA /* Release */,
			);
			defaultConfigurationIsVisible = 0;
			defaultConfigurationName = Release;
		};
		332D05CE2494418B00014ADA /* Build configuration list for PBXNativeTarget "FindRestaurants" */ = {
			isa = XCConfigurationList;
			buildConfigurations = (
				332D05CF2494418B00014ADA /* Debug */,
				332D05D02494418B00014ADA /* Release */,
			);
			defaultConfigurationIsVisible = 0;
			defaultConfigurationName = Release;
		};
/* End XCConfigurationList section */
	};
	rootObject = 332D05B22494418800014ADA /* Project object */;
}
