// !$*UTF8*$!
{
	archiveVersion = 1;
	classes = {
	};
	objectVersion = 50;
	objects = {

/* Begin PBXBuildFile section */
		330A8A3724831CC700D0D527 /* UIView+Extension.swift in Sources */ = {isa = PBXBuildFile; fileRef = 330A8A3624831CC700D0D527 /* UIView+Extension.swift */; };
		330A8A3F248322F500D0D527 /* Default-568h@2x.png in Resources */ = {isa = PBXBuildFile; fileRef = 330A8A3E248322F500D0D527 /* Default-568h@2x.png */; };
		33AFE61E2481893000BFC6E5 /* AppDelegate.swift in Sources */ = {isa = PBXBuildFile; fileRef = 33AFE61D2481893000BFC6E5 /* AppDelegate.swift */; };
		33AFE6202481893000BFC6E5 /* ViewController.swift in Sources */ = {isa = PBXBuildFile; fileRef = 33AFE61F2481893000BFC6E5 /* ViewController.swift */; };
		33AFE6232481893000BFC6E5 /* Main.storyboard in Resources */ = {isa = PBXBuildFile; fileRef = 33AFE6212481893000BFC6E5 /* Main.storyboard */; };
		33AFE6252481893200BFC6E5 /* Assets.xcassets in Resources */ = {isa = PBXBuildFile; fileRef = 33AFE6242481893200BFC6E5 /* Assets.xcassets */; };
		33AFE6282481893200BFC6E5 /* LaunchScreen.storyboard in Resources */ = {isa = PBXBuildFile; fileRef = 33AFE6262481893200BFC6E5 /* LaunchScreen.storyboard */; };
		33D463D32482FDE000EE3A42 /* WebKit.framework in Frameworks */ = {isa = PBXBuildFile; fileRef = 33D463D22482FDE000EE3A42 /* WebKit.framework */; };
		33EE852B2481E96B00801814 /* InfoViewController.swift in Sources */ = {isa = PBXBuildFile; fileRef = 33EE852A2481E96B00801814 /* InfoViewController.swift */; };
		33EE852D2481F20F00801814 /* ColorModel.swift in Sources */ = {isa = PBXBuildFile; fileRef = 33EE852C2481F20F00801814 /* ColorModel.swift */; };
/* End PBXBuildFile section */

/* Begin PBXFileReference section */
		330A8A3624831CC700D0D527 /* UIView+Extension.swift */ = {isa = PBXFileReference; lastKnownFileType = sourcecode.swift; path = "UIView+Extension.swift"; sourceTree = "<group>"; };
		330A8A3E248322F500D0D527 /* Default-568h@2x.png */ = {isa = PBXFileReference; lastKnownFileType = image.png; path = "Default-568h@2x.png"; sourceTree = "<group>"; };
		33AFE61A2481893000BFC6E5 /* ColorPicker.app */ = {isa = PBXFileReference; explicitFileType = wrapper.application; includeInIndex = 0; path = ColorPicker.app; sourceTree = BUILT_PRODUCTS_DIR; };
		33AFE61D2481893000BFC6E5 /* AppDelegate.swift */ = {isa = PBXFileReference; lastKnownFileType = sourcecode.swift; path = AppDelegate.swift; sourceTree = "<group>"; };
		33AFE61F2481893000BFC6E5 /* ViewController.swift */ = {isa = PBXFileReference; lastKnownFileType = sourcecode.swift; path = ViewController.swift; sourceTree = "<group>"; };
		33AFE6222481893000BFC6E5 /* Base */ = {isa = PBXFileReference; lastKnownFileType = file.storyboard; name = Base; path = Base.lproj/Main.storyboard; sourceTree = "<group>"; };
		33AFE6242481893200BFC6E5 /* Assets.xcassets */ = {isa = PBXFileReference; lastKnownFileType = folder.assetcatalog; path = Assets.xcassets; sourceTree = "<group>"; };
		33AFE6272481893200BFC6E5 /* Base */ = {isa = PBXFileReference; lastKnownFileType = file.storyboard; name = Base; path = Base.lproj/LaunchScreen.storyboard; sourceTree = "<group>"; };
		33AFE6292481893200BFC6E5 /* Info.plist */ = {isa = PBXFileReference; lastKnownFileType = text.plist.xml; path = Info.plist; sourceTree = "<group>"; };
		33D463D22482FDE000EE3A42 /* WebKit.framework */ = {isa = PBXFileReference; lastKnownFileType = wrapper.framework; name = WebKit.framework; path = System/Library/Frameworks/WebKit.framework; sourceTree = SDKROOT; };
		33EE852A2481E96B00801814 /* InfoViewController.swift */ = {isa = PBXFileReference; lastKnownFileType = sourcecode.swift; path = InfoViewController.swift; sourceTree = "<group>"; };
		33EE852C2481F20F00801814 /* ColorModel.swift */ = {isa = PBXFileReference; lastKnownFileType = sourcecode.swift; path = ColorModel.swift; sourceTree = "<group>"; };
/* End PBXFileReference section */

/* Begin PBXFrameworksBuildPhase section */
		33AFE6172481893000BFC6E5 /* Frameworks */ = {
			isa = PBXFrameworksBuildPhase;
			buildActionMask = 2147483647;
			files = (
				33D463D32482FDE000EE3A42 /* WebKit.framework in Frameworks */,
			);
			runOnlyForDeploymentPostprocessing = 0;
		};
/* End PBXFrameworksBuildPhase section */

/* Begin PBXGroup section */
		330A8A382483224000D0D527 /* Extensions */ = {
			isa = PBXGroup;
			children = (
				330A8A3624831CC700D0D527 /* UIView+Extension.swift */,
			);
			path = Extensions;
			sourceTree = "<group>";
		};
		330A8A392483224800D0D527 /* Model */ = {
			isa = PBXGroup;
			children = (
				33EE852C2481F20F00801814 /* ColorModel.swift */,
			);
			path = Model;
			sourceTree = "<group>";
		};
		330A8A3A2483226400D0D527 /* Controller */ = {
			isa = PBXGroup;
			children = (
				33AFE61F2481893000BFC6E5 /* ViewController.swift */,
				33EE852A2481E96B00801814 /* InfoViewController.swift */,
			);
			path = Controller;
			sourceTree = "<group>";
		};
		330A8A3B2483226E00D0D527 /* Storyboard */ = {
			isa = PBXGroup;
			children = (
				33AFE6212481893000BFC6E5 /* Main.storyboard */,
				33AFE6262481893200BFC6E5 /* LaunchScreen.storyboard */,
			);
			path = Storyboard;
			sourceTree = "<group>";
		};
		330A8A3C248322A900D0D527 /* Resources */ = {
			isa = PBXGroup;
			children = (
				33AFE6242481893200BFC6E5 /* Assets.xcassets */,
			);
			path = Resources;
			sourceTree = "<group>";
		};
		330A8A402483232E00D0D527 /* App */ = {
			isa = PBXGroup;
			children = (
				33AFE61D2481893000BFC6E5 /* AppDelegate.swift */,
			);
			path = App;
			sourceTree = "<group>";
		};
		33AFE6112481893000BFC6E5 = {
			isa = PBXGroup;
			children = (
				330A8A3E248322F500D0D527 /* Default-568h@2x.png */,
				33AFE61C2481893000BFC6E5 /* ColorPicker */,
				33AFE61B2481893000BFC6E5 /* Products */,
				33D463D12482FDE000EE3A42 /* Frameworks */,
			);
			sourceTree = "<group>";
		};
		33AFE61B2481893000BFC6E5 /* Products */ = {
			isa = PBXGroup;
			children = (
				33AFE61A2481893000BFC6E5 /* ColorPicker.app */,
			);
			name = Products;
			sourceTree = "<group>";
		};
		33AFE61C2481893000BFC6E5 /* ColorPicker */ = {
			isa = PBXGroup;
			children = (
				330A8A402483232E00D0D527 /* App */,
				330A8A382483224000D0D527 /* Extensions */,
				330A8A392483224800D0D527 /* Model */,
				330A8A3A2483226400D0D527 /* Controller */,
				330A8A3B2483226E00D0D527 /* Storyboard */,
				330A8A3C248322A900D0D527 /* Resources */,
				33AFE6292481893200BFC6E5 /* Info.plist */,
			);
			path = ColorPicker;
			sourceTree = "<group>";
		};
		33D463D12482FDE000EE3A42 /* Frameworks */ = {
			isa = PBXGroup;
			children = (
				33D463D22482FDE000EE3A42 /* WebKit.framework */,
			);
			name = Frameworks;
			sourceTree = "<group>";
		};
/* End PBXGroup section */

/* Begin PBXNativeTarget section */
		33AFE6192481893000BFC6E5 /* ColorPicker */ = {
			isa = PBXNativeTarget;
			buildConfigurationList = 33AFE62C2481893200BFC6E5 /* Build configuration list for PBXNativeTarget "ColorPicker" */;
			buildPhases = (
				33AFE6162481893000BFC6E5 /* Sources */,
				33AFE6172481893000BFC6E5 /* Frameworks */,
				33AFE6182481893000BFC6E5 /* Resources */,
			);
			buildRules = (
			);
			dependencies = (
			);
			name = ColorPicker;
			productName = ColorPicker;
			productReference = 33AFE61A2481893000BFC6E5 /* ColorPicker.app */;
			productType = "com.apple.product-type.application";
		};
/* End PBXNativeTarget section */

/* Begin PBXProject section */
		33AFE6122481893000BFC6E5 /* Project object */ = {
			isa = PBXProject;
			attributes = {
				LastSwiftUpdateCheck = 1010;
				LastUpgradeCheck = 1010;
				ORGANIZATIONNAME = "Shruti Sharma";
				TargetAttributes = {
					33AFE6192481893000BFC6E5 = {
						CreatedOnToolsVersion = 10.1;
						LastSwiftMigration = 1150;
					};
				};
			};
			buildConfigurationList = 33AFE6152481893000BFC6E5 /* Build configuration list for PBXProject "ColorPicker" */;
			compatibilityVersion = "Xcode 9.3";
			developmentRegion = en;
			hasScannedForEncodings = 0;
			knownRegions = (
				en,
				Base,
			);
			mainGroup = 33AFE6112481893000BFC6E5;
			productRefGroup = 33AFE61B2481893000BFC6E5 /* Products */;
			projectDirPath = "";
			projectRoot = "";
			targets = (
				33AFE6192481893000BFC6E5 /* ColorPicker */,
			);
		};
/* End PBXProject section */

/* Begin PBXResourcesBuildPhase section */
		33AFE6182481893000BFC6E5 /* Resources */ = {
			isa = PBXResourcesBuildPhase;
			buildActionMask = 2147483647;
			files = (
				33AFE6282481893200BFC6E5 /* LaunchScreen.storyboard in Resources */,
				330A8A3F248322F500D0D527 /* Default-568h@2x.png in Resources */,
				33AFE6252481893200BFC6E5 /* Assets.xcassets in Resources */,
				33AFE6232481893000BFC6E5 /* Main.storyboard in Resources */,
			);
			runOnlyForDeploymentPostprocessing = 0;
		};
/* End PBXResourcesBuildPhase section */

/* Begin PBXSourcesBuildPhase section */
		33AFE6162481893000BFC6E5 /* Sources */ = {
			isa = PBXSourcesBuildPhase;
			buildActionMask = 2147483647;
			files = (
				33AFE6202481893000BFC6E5 /* ViewController.swift in Sources */,
				33EE852B2481E96B00801814 /* InfoViewController.swift in Sources */,
				33AFE61E2481893000BFC6E5 /* AppDelegate.swift in Sources */,
				330A8A3724831CC700D0D527 /* UIView+Extension.swift in Sources */,
				33EE852D2481F20F00801814 /* ColorModel.swift in Sources */,
			);
			runOnlyForDeploymentPostprocessing = 0;
		};
/* End PBXSourcesBuildPhase section */

/* Begin PBXVariantGroup section */
		33AFE6212481893000BFC6E5 /* Main.storyboard */ = {
			isa = PBXVariantGroup;
			children = (
				33AFE6222481893000BFC6E5 /* Base */,
			);
			name = Main.storyboard;
			sourceTree = "<group>";
		};
		33AFE6262481893200BFC6E5 /* LaunchScreen.storyboard */ = {
			isa = PBXVariantGroup;
			children = (
				33AFE6272481893200BFC6E5 /* Base */,
			);
			name = LaunchScreen.storyboard;
			sourceTree = "<group>";
		};
/* End PBXVariantGroup section */

/* Begin XCBuildConfiguration section */
		33AFE62A2481893200BFC6E5 /* Debug */ = {
			isa = XCBuildConfiguration;
			buildSettings = {
				ALWAYS_SEARCH_USER_PATHS = NO;
				CLANG_ANALYZER_NONNULL = YES;
				CLANG_ANALYZER_NUMBER_OBJECT_CONVERSION = YES_AGGRESSIVE;
				CLANG_CXX_LANGUAGE_STANDARD = "gnu++14";
				CLANG_CXX_LIBRARY = "libc++";
				CLANG_ENABLE_MODULES = YES;
				CLANG_ENABLE_OBJC_ARC = YES;
				CLANG_ENABLE_OBJC_WEAK = YES;
				CLANG_WARN_BLOCK_CAPTURE_AUTORELEASING = YES;
				CLANG_WARN_BOOL_CONVERSION = YES;
				CLANG_WARN_COMMA = YES;
				CLANG_WARN_CONSTANT_CONVERSION = YES;
				CLANG_WARN_DEPRECATED_OBJC_IMPLEMENTATIONS = YES;
				CLANG_WARN_DIRECT_OBJC_ISA_USAGE = YES_ERROR;
				CLANG_WARN_DOCUMENTATION_COMMENTS = YES;
				CLANG_WARN_EMPTY_BODY = YES;
				CLANG_WARN_ENUM_CONVERSION = YES;
				CLANG_WARN_INFINITE_RECURSION = YES;
				CLANG_WARN_INT_CONVERSION = YES;
				CLANG_WARN_NON_LITERAL_NULL_CONVERSION = YES;
				CLANG_WARN_OBJC_IMPLICIT_RETAIN_SELF = YES;
				CLANG_WARN_OBJC_LITERAL_CONVERSION = YES;
				CLANG_WARN_OBJC_ROOT_CLASS = YES_ERROR;
				CLANG_WARN_RANGE_LOOP_ANALYSIS = YES;
				CLANG_WARN_STRICT_PROTOTYPES = YES;
				CLANG_WARN_SUSPICIOUS_MOVE = YES;
				CLANG_WARN_UNGUARDED_AVAILABILITY = YES_AGGRESSIVE;
				CLANG_WARN_UNREACHABLE_CODE = YES;
				CLANG_WARN__DUPLICATE_METHOD_MATCH = YES;
				CODE_SIGN_IDENTITY = "iPhone Developer";
				COPY_PHASE_STRIP = NO;
				DEBUG_INFORMATION_FORMAT = dwarf;
				ENABLE_STRICT_OBJC_MSGSEND = YES;
				ENABLE_TESTABILITY = YES;
				GCC_C_LANGUAGE_STANDARD = gnu11;
				GCC_DYNAMIC_NO_PIC = NO;
				GCC_NO_COMMON_BLOCKS = YES;
				GCC_OPTIMIZATION_LEVEL = 0;
				GCC_PREPROCESSOR_DEFINITIONS = (
					"DEBUG=1",
					"$(inherited)",
				);
				GCC_WARN_64_TO_32_BIT_CONVERSION = YES;
				GCC_WARN_ABOUT_RETURN_TYPE = YES_ERROR;
				GCC_WARN_UNDECLARED_SELECTOR = YES;
				GCC_WARN_UNINITIALIZED_AUTOS = YES_AGGRESSIVE;
				GCC_WARN_UNUSED_FUNCTION = YES;
				GCC_WARN_UNUSED_VARIABLE = YES;
				IPHONEOS_DEPLOYMENT_TARGET = 12.1;
				MTL_ENABLE_DEBUG_INFO = INCLUDE_SOURCE;
				MTL_FAST_MATH = YES;
				ONLY_ACTIVE_ARCH = YES;
				SDKROOT = iphoneos;
				SWIFT_ACTIVE_COMPILATION_CONDITIONS = DEBUG;
				SWIFT_OPTIMIZATION_LEVEL = "-Onone";
			};
			name = Debug;
		};
		33AFE62B2481893200BFC6E5 /* Release */ = {
			isa = XCBuildConfiguration;
			buildSettings = {
				ALWAYS_SEARCH_USER_PATHS = NO;
				CLANG_ANALYZER_NONNULL = YES;
				CLANG_ANALYZER_NUMBER_OBJECT_CONVERSION = YES_AGGRESSIVE;
				CLANG_CXX_LANGUAGE_STANDARD = "gnu++14";
				CLANG_CXX_LIBRARY = "libc++";
				CLANG_ENABLE_MODULES = YES;
				CLANG_ENABLE_OBJC_ARC = YES;
				CLANG_ENABLE_OBJC_WEAK = YES;
				CLANG_WARN_BLOCK_CAPTURE_AUTORELEASING = YES;
				CLANG_WARN_BOOL_CONVERSION = YES;
				CLANG_WARN_COMMA = YES;
				CLANG_WARN_CONSTANT_CONVERSION = YES;
				CLANG_WARN_DEPRECATED_OBJC_IMPLEMENTATIONS = YES;
				CLANG_WARN_DIRECT_OBJC_ISA_USAGE = YES_ERROR;
				CLANG_WARN_DOCUMENTATION_COMMENTS = YES;
				CLANG_WARN_EMPTY_BODY = YES;
				CLANG_WARN_ENUM_CONVERSION = YES;
				CLANG_WARN_INFINITE_RECURSION = YES;
				CLANG_WARN_INT_CONVERSION = YES;
				CLANG_WARN_NON_LITERAL_NULL_CONVERSION = YES;
				CLANG_WARN_OBJC_IMPLICIT_RETAIN_SELF = YES;
				CLANG_WARN_OBJC_LITERAL_CONVERSION = YES;
				CLANG_WARN_OBJC_ROOT_CLASS = YES_ERROR;
				CLANG_WARN_RANGE_LOOP_ANALYSIS = YES;
				CLANG_WARN_STRICT_PROTOTYPES = YES;
				CLANG_WARN_SUSPICIOUS_MOVE = YES;
				CLANG_WARN_UNGUARDED_AVAILABILITY = YES_AGGRESSIVE;
				CLANG_WARN_UNREACHABLE_CODE = YES;
				CLANG_WARN__DUPLICATE_METHOD_MATCH = YES;
				CODE_SIGN_IDENTITY = "iPhone Developer";
				COPY_PHASE_STRIP = NO;
				DEBUG_INFORMATION_FORMAT = "dwarf-with-dsym";
				ENABLE_NS_ASSERTIONS = NO;
				ENABLE_STRICT_OBJC_MSGSEND = YES;
				GCC_C_LANGUAGE_STANDARD = gnu11;
				GCC_NO_COMMON_BLOCKS = YES;
				GCC_WARN_64_TO_32_BIT_CONVERSION = YES;
				GCC_WARN_ABOUT_RETURN_TYPE = YES_ERROR;
				GCC_WARN_UNDECLARED_SELECTOR = YES;
				GCC_WARN_UNINITIALIZED_AUTOS = YES_AGGRESSIVE;
				GCC_WARN_UNUSED_FUNCTION = YES;
				GCC_WARN_UNUSED_VARIABLE = YES;
				IPHONEOS_DEPLOYMENT_TARGET = 12.1;
				MTL_ENABLE_DEBUG_INFO = NO;
				MTL_FAST_MATH = YES;
				SDKROOT = iphoneos;
				SWIFT_COMPILATION_MODE = wholemodule;
				SWIFT_OPTIMIZATION_LEVEL = "-O";
				VALIDATE_PRODUCT = YES;
			};
			name = Release;
		};
		33AFE62D2481893200BFC6E5 /* Debug */ = {
			isa = XCBuildConfiguration;
			buildSettings = {
				ASSETCATALOG_COMPILER_APPICON_NAME = AppIcon;
				CODE_SIGN_STYLE = Automatic;
				DEVELOPMENT_TEAM = 7N7R2P8E43;
				INFOPLIST_FILE = ColorPicker/Info.plist;
				IPHONEOS_DEPLOYMENT_TARGET = 12.0;
				LD_RUNPATH_SEARCH_PATHS = (
					"$(inherited)",
					"@executable_path/Frameworks",
				);
				PRODUCT_BUNDLE_IDENTIFIER = com.shrutiapps.ColorPicker;
				PRODUCT_NAME = "$(TARGET_NAME)";
				SWIFT_VERSION = 5.0;
				TARGETED_DEVICE_FAMILY = "1,2";
			};
			name = Debug;
		};
		33AFE62E2481893200BFC6E5 /* Release */ = {
			isa = XCBuildConfiguration;
			buildSettings = {
				ASSETCATALOG_COMPILER_APPICON_NAME = AppIcon;
				CODE_SIGN_STYLE = Automatic;
				DEVELOPMENT_TEAM = 7N7R2P8E43;
				INFOPLIST_FILE = ColorPicker/Info.plist;
				IPHONEOS_DEPLOYMENT_TARGET = 12.0;
				LD_RUNPATH_SEARCH_PATHS = (
					"$(inherited)",
					"@executable_path/Frameworks",
				);
				PRODUCT_BUNDLE_IDENTIFIER = com.shrutiapps.ColorPicker;
				PRODUCT_NAME = "$(TARGET_NAME)";
				SWIFT_VERSION = 5.0;
				TARGETED_DEVICE_FAMILY = "1,2";
			};
			name = Release;
		};
/* End XCBuildConfiguration section */

/* Begin XCConfigurationList section */
		33AFE6152481893000BFC6E5 /* Build configuration list for PBXProject "ColorPicker" */ = {
			isa = XCConfigurationList;
			buildConfigurations = (
				33AFE62A2481893200BFC6E5 /* Debug */,
				33AFE62B2481893200BFC6E5 /* Release */,
			);
			defaultConfigurationIsVisible = 0;
			defaultConfigurationName = Release;
		};
		33AFE62C2481893200BFC6E5 /* Build configuration list for PBXNativeTarget "ColorPicker" */ = {
			isa = XCConfigurationList;
			buildConfigurations = (
				33AFE62D2481893200BFC6E5 /* Debug */,
				33AFE62E2481893200BFC6E5 /* Release */,
			);
			defaultConfigurationIsVisible = 0;
			defaultConfigurationName = Release;
		};
/* End XCConfigurationList section */
	};
	rootObject = 33AFE6122481893000BFC6E5 /* Project object */;
}
